<?xml version="1.0" encoding="utf-8"?>
<Project ToolsVersion="4.0" xmlns="http://schemas.microsoft.com/developer/msbuild/2003">
  <ItemGroup>
    <None Include="src\Main.alittle" />
    <None Include="src\AUI\AUIImageCutPlugin.alittle">
      <Filter>AUI</Filter>
    </None>
    <None Include="src\AUI\AUIIMEManager.alittle">
      <Filter>AUI</Filter>
    </None>
    <None Include="src\AUI\AUIRightMenu.alittle">
      <Filter>AUI</Filter>
    </None>
    <None Include="src\AUI\AUITool.alittle">
      <Filter>AUI</Filter>
    </None>
    <None Include="src\AUI\AUIVersionManager.alittle">
      <Filter>AUI</Filter>
    </None>
    <None Include="src\AUI\AUIWebLoginManager.alittle">
      <Filter>AUI</Filter>
    </None>
    <None Include="src\AUI\AUIEditImageDialog.alittle">
      <Filter>AUI</Filter>
    </None>
    <None Include="src\AUI\AUIFileSelectDialog.alittle">
      <Filter>AUI</Filter>
    </None>
    <None Include="src\AUICodeEdit\AUICodeEdit.alittle">
      <Filter>AUICodeEdit</Filter>
    </None>
    <None Include="src\AUICodeEdit\AUICodeSelectCursor.alittle">
      <Filter>AUICodeEdit</Filter>
    </None>
    <None Include="src\AUICodeEdit\AUICodeCursor.alittle">
      <Filter>AUICodeEdit</Filter>
    </None>
    <None Include="src\AUICodeEdit\AUICodeRevocation.alittle">
      <Filter>AUICodeEdit</Filter>
    </None>
    <None Include="src\AUICodeEdit\AUICodeLanguage.alittle">
      <Filter>AUICodeEdit</Filter>
    </None>
    <None Include="src\AUICodeEdit\ABnf\AUICodeABnf.alittle">
      <Filter>AUICodeEdit\ABnf</Filter>
    </None>
    <None Include="src\Adapter\ALanguage.alittle">
      <Filter>Adapter</Filter>
    </None>
    <None Include="src\Adapter\ABnf.alittle">
      <Filter>Adapter</Filter>
    </None>
    <None Include="src\AUICodeEdit\AUICodeCompleteScreen.alittle">
      <Filter>AUICodeEdit</Filter>
    </None>
    <None Include="src\AUICodeEdit\ABnf\AUICodeALittleScript.alittle">
      <Filter>AUICodeEdit\ABnf</Filter>
    </None>
    <None Include="src\Adapter\ALittleScript.alittle">
      <Filter>Adapter</Filter>
    </None>
  </ItemGroup>
  <ItemGroup>
    <Filter Include="AUI">
      <UniqueIdentifier>{5de9520e-0884-47e5-b926-eb8ef6bab33e}</UniqueIdentifier>
    </Filter>
    <Filter Include="AUICodeEdit">
      <UniqueIdentifier>{3840ac52-35c2-4dcc-b397-2e1165ecaf6c}</UniqueIdentifier>
    </Filter>
    <Filter Include="AUICodeEdit\ABnf">
      <UniqueIdentifier>{319d2e5a-5de6-45ea-b960-4b876eadd032}</UniqueIdentifier>
    </Filter>
    <Filter Include="Adapter">
      <UniqueIdentifier>{ad9141fe-c3e7-4bae-afd4-163092a5352f}</UniqueIdentifier>
    </Filter>
  </ItemGroup>
</Project>