<?xml version="1.0" encoding="utf-8"?>
<Project ToolsVersion="4.0" xmlns="http://schemas.microsoft.com/developer/msbuild/2003">
  <ItemGroup>
    <ClInclude Include="alittlescriptlib.h" />
    <ClInclude Include="alittlescript.h" />
    <ClInclude Include="Generate\ALittleScriptAssertExprElement.h">
      <Filter>Generate</Filter>
    </ClInclude>
    <ClInclude Include="Generate\ALittleScriptAttributeModifierElement.h">
      <Filter>Generate</Filter>
    </ClInclude>
    <ClInclude Include="Generate\ALittleScriptBindStatElement.h">
      <Filter>Generate</Filter>
    </ClInclude>
    <ClInclude Include="Generate\ALittleScriptBlockCommentElement.h">
      <Filter>Generate</Filter>
    </ClInclude>
    <ClInclude Include="Generate\ALittleScriptClassBodyDecElement.h">
      <Filter>Generate</Filter>
    </ClInclude>
    <ClInclude Include="Generate\ALittleScriptClassCtorDecElement.h">
      <Filter>Generate</Filter>
    </ClInclude>
    <ClInclude Include="Generate\ALittleScriptClassDecElement.h">
      <Filter>Generate</Filter>
    </ClInclude>
    <ClInclude Include="Generate\ALittleScriptClassElementDecElement.h">
      <Filter>Generate</Filter>
    </ClInclude>
    <ClInclude Include="Generate\ALittleScriptClassExtendsDecElement.h">
      <Filter>Generate</Filter>
    </ClInclude>
    <ClInclude Include="Generate\ALittleScriptClassGetterDecElement.h">
      <Filter>Generate</Filter>
    </ClInclude>
    <ClInclude Include="Generate\ALittleScriptClassMethodDecElement.h">
      <Filter>Generate</Filter>
    </ClInclude>
    <ClInclude Include="Generate\ALittleScriptClassNameDecElement.h">
      <Filter>Generate</Filter>
    </ClInclude>
    <ClInclude Include="Generate\ALittleScriptClassSetterDecElement.h">
      <Filter>Generate</Filter>
    </ClInclude>
    <ClInclude Include="Generate\ALittleScriptClassStaticDecElement.h">
      <Filter>Generate</Filter>
    </ClInclude>
    <ClInclude Include="Generate\ALittleScriptClassVarDecElement.h">
      <Filter>Generate</Filter>
    </ClInclude>
    <ClInclude Include="Generate\ALittleScriptClassVarNameDecElement.h">
      <Filter>Generate</Filter>
    </ClInclude>
    <ClInclude Include="Generate\ALittleScriptClassVarValueDecElement.h">
      <Filter>Generate</Filter>
    </ClInclude>
    <ClInclude Include="Generate\ALittleScriptCommandBodyDecElement.h">
      <Filter>Generate</Filter>
    </ClInclude>
    <ClInclude Include="Generate\ALittleScriptCommandModifierElement.h">
      <Filter>Generate</Filter>
    </ClInclude>
    <ClInclude Include="Generate\ALittleScriptConstModifierElement.h">
      <Filter>Generate</Filter>
    </ClInclude>
    <ClInclude Include="Generate\ALittleScriptConstValueElement.h">
      <Filter>Generate</Filter>
    </ClInclude>
    <ClInclude Include="Generate\ALittleScriptCoroutineModifierElement.h">
      <Filter>Generate</Filter>
    </ClInclude>
    <ClInclude Include="Generate\ALittleScriptCoroutineStatElement.h">
      <Filter>Generate</Filter>
    </ClInclude>
    <ClInclude Include="Generate\ALittleScriptCustomTypeDotIdElement.h">
      <Filter>Generate</Filter>
    </ClInclude>
    <ClInclude Include="Generate\ALittleScriptCustomTypeDotIdNameElement.h">
      <Filter>Generate</Filter>
    </ClInclude>
    <ClInclude Include="Generate\ALittleScriptCustomTypeElement.h">
      <Filter>Generate</Filter>
    </ClInclude>
    <ClInclude Include="Generate\ALittleScriptCustomTypeNameElement.h">
      <Filter>Generate</Filter>
    </ClInclude>
    <ClInclude Include="Generate\ALittleScriptCustomTypeTemplateElement.h">
      <Filter>Generate</Filter>
    </ClInclude>
    <ClInclude Include="Generate\ALittleScriptDoWhileBodyElement.h">
      <Filter>Generate</Filter>
    </ClInclude>
    <ClInclude Include="Generate\ALittleScriptDoWhileConditionElement.h">
      <Filter>Generate</Filter>
    </ClInclude>
    <ClInclude Include="Generate\ALittleScriptDoWhileExprElement.h">
      <Filter>Generate</Filter>
    </ClInclude>
    <ClInclude Include="Generate\ALittleScriptElseBodyElement.h">
      <Filter>Generate</Filter>
    </ClInclude>
    <ClInclude Include="Generate\ALittleScriptElseExprElement.h">
      <Filter>Generate</Filter>
    </ClInclude>
    <ClInclude Include="Generate\ALittleScriptElseIfBodyElement.h">
      <Filter>Generate</Filter>
    </ClInclude>
    <ClInclude Include="Generate\ALittleScriptElseIfConditionElement.h">
      <Filter>Generate</Filter>
    </ClInclude>
    <ClInclude Include="Generate\ALittleScriptElseIfExprElement.h">
      <Filter>Generate</Filter>
    </ClInclude>
    <ClInclude Include="Generate\ALittleScriptEmptyExprElement.h">
      <Filter>Generate</Filter>
    </ClInclude>
    <ClInclude Include="Generate\ALittleScriptEnumBodyDecElement.h">
      <Filter>Generate</Filter>
    </ClInclude>
    <ClInclude Include="Generate\ALittleScriptEnumDecElement.h">
      <Filter>Generate</Filter>
    </ClInclude>
    <ClInclude Include="Generate\ALittleScriptEnumNameDecElement.h">
      <Filter>Generate</Filter>
    </ClInclude>
    <ClInclude Include="Generate\ALittleScriptEnumVarDecElement.h">
      <Filter>Generate</Filter>
    </ClInclude>
    <ClInclude Include="Generate\ALittleScriptEnumVarNameDecElement.h">
      <Filter>Generate</Filter>
    </ClInclude>
    <ClInclude Include="Generate\ALittleScriptFactory.h">
      <Filter>Generate</Filter>
    </ClInclude>
    <ClInclude Include="Generate\ALittleScriptFlowExprElement.h">
      <Filter>Generate</Filter>
    </ClInclude>
    <ClInclude Include="Generate\ALittleScriptForBodyElement.h">
      <Filter>Generate</Filter>
    </ClInclude>
    <ClInclude Include="Generate\ALittleScriptForConditionElement.h">
      <Filter>Generate</Filter>
    </ClInclude>
    <ClInclude Include="Generate\ALittleScriptForEndStatElement.h">
      <Filter>Generate</Filter>
    </ClInclude>
    <ClInclude Include="Generate\ALittleScriptForExprElement.h">
      <Filter>Generate</Filter>
    </ClInclude>
    <ClInclude Include="Generate\ALittleScriptForInConditionElement.h">
      <Filter>Generate</Filter>
    </ClInclude>
    <ClInclude Include="Generate\ALittleScriptForPairDecElement.h">
      <Filter>Generate</Filter>
    </ClInclude>
    <ClInclude Include="Generate\ALittleScriptForStartStatElement.h">
      <Filter>Generate</Filter>
    </ClInclude>
    <ClInclude Include="Generate\ALittleScriptForStepConditionElement.h">
      <Filter>Generate</Filter>
    </ClInclude>
    <ClInclude Include="Generate\ALittleScriptForStepStatElement.h">
      <Filter>Generate</Filter>
    </ClInclude>
    <ClInclude Include="Generate\ALittleScriptGenericFunctorParamOneTypeElement.h">
      <Filter>Generate</Filter>
    </ClInclude>
    <ClInclude Include="Generate\ALittleScriptGenericFunctorParamTailElement.h">
      <Filter>Generate</Filter>
    </ClInclude>
    <ClInclude Include="Generate\ALittleScriptGenericFunctorParamTypeElement.h">
      <Filter>Generate</Filter>
    </ClInclude>
    <ClInclude Include="Generate\ALittleScriptGenericFunctorReturnOneTypeElement.h">
      <Filter>Generate</Filter>
    </ClInclude>
    <ClInclude Include="Generate\ALittleScriptGenericFunctorReturnTailElement.h">
      <Filter>Generate</Filter>
    </ClInclude>
    <ClInclude Include="Generate\ALittleScriptGenericFunctorReturnTypeElement.h">
      <Filter>Generate</Filter>
    </ClInclude>
    <ClInclude Include="Generate\ALittleScriptGenericFunctorTypeElement.h">
      <Filter>Generate</Filter>
    </ClInclude>
    <ClInclude Include="Generate\ALittleScriptGenericListTypeElement.h">
      <Filter>Generate</Filter>
    </ClInclude>
    <ClInclude Include="Generate\ALittleScriptGenericMapTypeElement.h">
      <Filter>Generate</Filter>
    </ClInclude>
    <ClInclude Include="Generate\ALittleScriptGenericTypeElement.h">
      <Filter>Generate</Filter>
    </ClInclude>
    <ClInclude Include="Generate\ALittleScriptGlobalMethodDecElement.h">
      <Filter>Generate</Filter>
    </ClInclude>
    <ClInclude Include="Generate\ALittleScriptIdElement.h">
      <Filter>Generate</Filter>
    </ClInclude>
    <ClInclude Include="Generate\ALittleScriptIfBodyElement.h">
      <Filter>Generate</Filter>
    </ClInclude>
    <ClInclude Include="Generate\ALittleScriptIfConditionElement.h">
      <Filter>Generate</Filter>
    </ClInclude>
    <ClInclude Include="Generate\ALittleScriptIfExprElement.h">
      <Filter>Generate</Filter>
    </ClInclude>
    <ClInclude Include="Generate\ALittleScriptInstanceDecElement.h">
      <Filter>Generate</Filter>
    </ClInclude>
    <ClInclude Include="Generate\ALittleScriptKeyElement.h">
      <Filter>Generate</Filter>
    </ClInclude>
    <ClInclude Include="Generate\ALittleScriptLanguageBodyDecElement.h">
      <Filter>Generate</Filter>
    </ClInclude>
    <ClInclude Include="Generate\ALittleScriptLanguageModifierElement.h">
      <Filter>Generate</Filter>
    </ClInclude>
    <ClInclude Include="Generate\ALittleScriptLanguageNameDecElement.h">
      <Filter>Generate</Filter>
    </ClInclude>
    <ClInclude Include="Generate\ALittleScriptLineCommentElement.h">
      <Filter>Generate</Filter>
    </ClInclude>
    <ClInclude Include="Generate\ALittleScriptMethodBodyDecElement.h">
      <Filter>Generate</Filter>
    </ClInclude>
    <ClInclude Include="Generate\ALittleScriptMethodGetterParamDecElement.h">
      <Filter>Generate</Filter>
    </ClInclude>
    <ClInclude Include="Generate\ALittleScriptMethodNameDecElement.h">
      <Filter>Generate</Filter>
    </ClInclude>
    <ClInclude Include="Generate\ALittleScriptMethodParamDecElement.h">
      <Filter>Generate</Filter>
    </ClInclude>
    <ClInclude Include="Generate\ALittleScriptMethodParamNameDecElement.h">
      <Filter>Generate</Filter>
    </ClInclude>
    <ClInclude Include="Generate\ALittleScriptMethodParamOneDecElement.h">
      <Filter>Generate</Filter>
    </ClInclude>
    <ClInclude Include="Generate\ALittleScriptMethodParamTailDecElement.h">
      <Filter>Generate</Filter>
    </ClInclude>
    <ClInclude Include="Generate\ALittleScriptMethodReturnDecElement.h">
      <Filter>Generate</Filter>
    </ClInclude>
    <ClInclude Include="Generate\ALittleScriptMethodReturnOneDecElement.h">
      <Filter>Generate</Filter>
    </ClInclude>
    <ClInclude Include="Generate\ALittleScriptMethodReturnTailDecElement.h">
      <Filter>Generate</Filter>
    </ClInclude>
    <ClInclude Include="Generate\ALittleScriptMethodSetterParamDecElement.h">
      <Filter>Generate</Filter>
    </ClInclude>
    <ClInclude Include="Generate\ALittleScriptModifierElement.h">
      <Filter>Generate</Filter>
    </ClInclude>
    <ClInclude Include="Generate\ALittleScriptNamespaceDecElement.h">
      <Filter>Generate</Filter>
    </ClInclude>
    <ClInclude Include="Generate\ALittleScriptNamespaceElementDecElement.h">
      <Filter>Generate</Filter>
    </ClInclude>
    <ClInclude Include="Generate\ALittleScriptNamespaceNameDecElement.h">
      <Filter>Generate</Filter>
    </ClInclude>
    <ClInclude Include="Generate\ALittleScriptNativeModifierElement.h">
      <Filter>Generate</Filter>
    </ClInclude>
    <ClInclude Include="Generate\ALittleScriptNullableModifierElement.h">
      <Filter>Generate</Filter>
    </ClInclude>
    <ClInclude Include="Generate\ALittleScriptNumberElement.h">
      <Filter>Generate</Filter>
    </ClInclude>
    <ClInclude Include="Generate\ALittleScriptOp1Element.h">
      <Filter>Generate</Filter>
    </ClInclude>
    <ClInclude Include="Generate\ALittleScriptOp1ExprElement.h">
      <Filter>Generate</Filter>
    </ClInclude>
    <ClInclude Include="Generate\ALittleScriptOp2Element.h">
      <Filter>Generate</Filter>
    </ClInclude>
    <ClInclude Include="Generate\ALittleScriptOp2StatElement.h">
      <Filter>Generate</Filter>
    </ClInclude>
    <ClInclude Include="Generate\ALittleScriptOp2SuffixExElement.h">
      <Filter>Generate</Filter>
    </ClInclude>
    <ClInclude Include="Generate\ALittleScriptOp2ValueElement.h">
      <Filter>Generate</Filter>
    </ClInclude>
    <ClInclude Include="Generate\ALittleScriptOp3Element.h">
      <Filter>Generate</Filter>
    </ClInclude>
    <ClInclude Include="Generate\ALittleScriptOp3StatElement.h">
      <Filter>Generate</Filter>
    </ClInclude>
    <ClInclude Include="Generate\ALittleScriptOp3SuffixElement.h">
      <Filter>Generate</Filter>
    </ClInclude>
    <ClInclude Include="Generate\ALittleScriptOp3SuffixExElement.h">
      <Filter>Generate</Filter>
    </ClInclude>
    <ClInclude Include="Generate\ALittleScriptOp4Element.h">
      <Filter>Generate</Filter>
    </ClInclude>
    <ClInclude Include="Generate\ALittleScriptOp4StatElement.h">
      <Filter>Generate</Filter>
    </ClInclude>
    <ClInclude Include="Generate\ALittleScriptOp4SuffixEeElement.h">
      <Filter>Generate</Filter>
    </ClInclude>
    <ClInclude Include="Generate\ALittleScriptOp4SuffixElement.h">
      <Filter>Generate</Filter>
    </ClInclude>
    <ClInclude Include="Generate\ALittleScriptOp4SuffixExElement.h">
      <Filter>Generate</Filter>
    </ClInclude>
    <ClInclude Include="Generate\ALittleScriptOp5Element.h">
      <Filter>Generate</Filter>
    </ClInclude>
    <ClInclude Include="Generate\ALittleScriptOp5StatElement.h">
      <Filter>Generate</Filter>
    </ClInclude>
    <ClInclude Include="Generate\ALittleScriptOp5SuffixEeElement.h">
      <Filter>Generate</Filter>
    </ClInclude>
    <ClInclude Include="Generate\ALittleScriptOp5SuffixElement.h">
      <Filter>Generate</Filter>
    </ClInclude>
    <ClInclude Include="Generate\ALittleScriptOp5SuffixExElement.h">
      <Filter>Generate</Filter>
    </ClInclude>
    <ClInclude Include="Generate\ALittleScriptOp6Element.h">
      <Filter>Generate</Filter>
    </ClInclude>
    <ClInclude Include="Generate\ALittleScriptOp6StatElement.h">
      <Filter>Generate</Filter>
    </ClInclude>
    <ClInclude Include="Generate\ALittleScriptOp6SuffixEeElement.h">
      <Filter>Generate</Filter>
    </ClInclude>
    <ClInclude Include="Generate\ALittleScriptOp6SuffixElement.h">
      <Filter>Generate</Filter>
    </ClInclude>
    <ClInclude Include="Generate\ALittleScriptOp6SuffixExElement.h">
      <Filter>Generate</Filter>
    </ClInclude>
    <ClInclude Include="Generate\ALittleScriptOp7Element.h">
      <Filter>Generate</Filter>
    </ClInclude>
    <ClInclude Include="Generate\ALittleScriptOp7StatElement.h">
      <Filter>Generate</Filter>
    </ClInclude>
    <ClInclude Include="Generate\ALittleScriptOp7SuffixEeElement.h">
      <Filter>Generate</Filter>
    </ClInclude>
    <ClInclude Include="Generate\ALittleScriptOp7SuffixElement.h">
      <Filter>Generate</Filter>
    </ClInclude>
    <ClInclude Include="Generate\ALittleScriptOp7SuffixExElement.h">
      <Filter>Generate</Filter>
    </ClInclude>
    <ClInclude Include="Generate\ALittleScriptOp8Element.h">
      <Filter>Generate</Filter>
    </ClInclude>
    <ClInclude Include="Generate\ALittleScriptOp8StatElement.h">
      <Filter>Generate</Filter>
    </ClInclude>
    <ClInclude Include="Generate\ALittleScriptOp8SuffixEeElement.h">
      <Filter>Generate</Filter>
    </ClInclude>
    <ClInclude Include="Generate\ALittleScriptOp8SuffixElement.h">
      <Filter>Generate</Filter>
    </ClInclude>
    <ClInclude Include="Generate\ALittleScriptOp8SuffixExElement.h">
      <Filter>Generate</Filter>
    </ClInclude>
    <ClInclude Include="Generate\ALittleScriptOpAssignElement.h">
      <Filter>Generate</Filter>
    </ClInclude>
    <ClInclude Include="Generate\ALittleScriptOpAssignExprElement.h">
      <Filter>Generate</Filter>
    </ClInclude>
    <ClInclude Include="Generate\ALittleScriptOpNewListStatElement.h">
      <Filter>Generate</Filter>
    </ClInclude>
    <ClInclude Include="Generate\ALittleScriptOpNewStatElement.h">
      <Filter>Generate</Filter>
    </ClInclude>
    <ClInclude Include="Generate\ALittleScriptPathsValueElement.h">
      <Filter>Generate</Filter>
    </ClInclude>
    <ClInclude Include="Generate\ALittleScriptPrimitiveTypeElement.h">
      <Filter>Generate</Filter>
    </ClInclude>
    <ClInclude Include="Generate\ALittleScriptPropertyValueBracketValueElement.h">
      <Filter>Generate</Filter>
    </ClInclude>
    <ClInclude Include="Generate\ALittleScriptPropertyValueCastTypeElement.h">
      <Filter>Generate</Filter>
    </ClInclude>
    <ClInclude Include="Generate\ALittleScriptPropertyValueCustomTypeElement.h">
      <Filter>Generate</Filter>
    </ClInclude>
    <ClInclude Include="Generate\ALittleScriptPropertyValueDotIdElement.h">
      <Filter>Generate</Filter>
    </ClInclude>
    <ClInclude Include="Generate\ALittleScriptPropertyValueDotIdNameElement.h">
      <Filter>Generate</Filter>
    </ClInclude>
    <ClInclude Include="Generate\ALittleScriptPropertyValueElement.h">
      <Filter>Generate</Filter>
    </ClInclude>
    <ClInclude Include="Generate\ALittleScriptPropertyValueFirstTypeElement.h">
      <Filter>Generate</Filter>
    </ClInclude>
    <ClInclude Include="Generate\ALittleScriptPropertyValueMethodCallElement.h">
      <Filter>Generate</Filter>
    </ClInclude>
    <ClInclude Include="Generate\ALittleScriptPropertyValueMethodTemplateElement.h">
      <Filter>Generate</Filter>
    </ClInclude>
    <ClInclude Include="Generate\ALittleScriptPropertyValueSuffixElement.h">
      <Filter>Generate</Filter>
    </ClInclude>
    <ClInclude Include="Generate\ALittleScriptPropertyValueThisTypeElement.h">
      <Filter>Generate</Filter>
    </ClInclude>
    <ClInclude Include="Generate\ALittleScriptProtocolModifierElement.h">
      <Filter>Generate</Filter>
    </ClInclude>
    <ClInclude Include="Generate\ALittleScriptReflectCustomTypeElement.h">
      <Filter>Generate</Filter>
    </ClInclude>
    <ClInclude Include="Generate\ALittleScriptReflectValueElement.h">
      <Filter>Generate</Filter>
    </ClInclude>
    <ClInclude Include="Generate\ALittleScriptReflectValueStatElement.h">
      <Filter>Generate</Filter>
    </ClInclude>
    <ClInclude Include="Generate\ALittleScriptRegexElement.h">
      <Filter>Generate</Filter>
    </ClInclude>
    <ClInclude Include="Generate\ALittleScriptRegisterModifierElement.h">
      <Filter>Generate</Filter>
    </ClInclude>
    <ClInclude Include="Generate\ALittleScriptReturnExprElement.h">
      <Filter>Generate</Filter>
    </ClInclude>
    <ClInclude Include="Generate\ALittleScriptReturnYieldElement.h">
      <Filter>Generate</Filter>
    </ClInclude>
    <ClInclude Include="Generate\ALittleScriptRootElement.h">
      <Filter>Generate</Filter>
    </ClInclude>
    <ClInclude Include="Generate\ALittleScriptStringElement.h">
      <Filter>Generate</Filter>
    </ClInclude>
    <ClInclude Include="Generate\ALittleScriptStructBodyDecElement.h">
      <Filter>Generate</Filter>
    </ClInclude>
    <ClInclude Include="Generate\ALittleScriptStructDecElement.h">
      <Filter>Generate</Filter>
    </ClInclude>
    <ClInclude Include="Generate\ALittleScriptStructExtendsDecElement.h">
      <Filter>Generate</Filter>
    </ClInclude>
    <ClInclude Include="Generate\ALittleScriptStructNameDecElement.h">
      <Filter>Generate</Filter>
    </ClInclude>
    <ClInclude Include="Generate\ALittleScriptStructOptionDecElement.h">
      <Filter>Generate</Filter>
    </ClInclude>
    <ClInclude Include="Generate\ALittleScriptStructOptionNameDecElement.h">
      <Filter>Generate</Filter>
    </ClInclude>
    <ClInclude Include="Generate\ALittleScriptStructVarDecElement.h">
      <Filter>Generate</Filter>
    </ClInclude>
    <ClInclude Include="Generate\ALittleScriptStructVarNameDecElement.h">
      <Filter>Generate</Filter>
    </ClInclude>
    <ClInclude Include="Generate\ALittleScriptTcallStatElement.h">
      <Filter>Generate</Filter>
    </ClInclude>
    <ClInclude Include="Generate\ALittleScriptTemplateDecElement.h">
      <Filter>Generate</Filter>
    </ClInclude>
    <ClInclude Include="Generate\ALittleScriptTemplateExtendsClassDecElement.h">
      <Filter>Generate</Filter>
    </ClInclude>
    <ClInclude Include="Generate\ALittleScriptTemplateExtendsDecElement.h">
      <Filter>Generate</Filter>
    </ClInclude>
    <ClInclude Include="Generate\ALittleScriptTemplateExtendsStructDecElement.h">
      <Filter>Generate</Filter>
    </ClInclude>
    <ClInclude Include="Generate\ALittleScriptTemplateNameDecElement.h">
      <Filter>Generate</Filter>
    </ClInclude>
    <ClInclude Include="Generate\ALittleScriptTemplatePairDecElement.h">
      <Filter>Generate</Filter>
    </ClInclude>
    <ClInclude Include="Generate\ALittleScriptTextElement.h">
      <Filter>Generate</Filter>
    </ClInclude>
    <ClInclude Include="Generate\ALittleScriptThrowExprElement.h">
      <Filter>Generate</Filter>
    </ClInclude>
    <ClInclude Include="Generate\ALittleScriptUsingDecElement.h">
      <Filter>Generate</Filter>
    </ClInclude>
    <ClInclude Include="Generate\ALittleScriptUsingNameDecElement.h">
      <Filter>Generate</Filter>
    </ClInclude>
    <ClInclude Include="Generate\ALittleScriptValueFactorStatElement.h">
      <Filter>Generate</Filter>
    </ClInclude>
    <ClInclude Include="Generate\ALittleScriptValueOpStatElement.h">
      <Filter>Generate</Filter>
    </ClInclude>
    <ClInclude Include="Generate\ALittleScriptValueStatElement.h">
      <Filter>Generate</Filter>
    </ClInclude>
    <ClInclude Include="Generate\ALittleScriptVarAssignDecElement.h">
      <Filter>Generate</Filter>
    </ClInclude>
    <ClInclude Include="Generate\ALittleScriptVarAssignExprElement.h">
      <Filter>Generate</Filter>
    </ClInclude>
    <ClInclude Include="Generate\ALittleScriptVarAssignNameDecElement.h">
      <Filter>Generate</Filter>
    </ClInclude>
    <ClInclude Include="Generate\ALittleScriptWhileBodyElement.h">
      <Filter>Generate</Filter>
    </ClInclude>
    <ClInclude Include="Generate\ALittleScriptWhileConditionElement.h">
      <Filter>Generate</Filter>
    </ClInclude>
    <ClInclude Include="Generate\ALittleScriptWhileExprElement.h">
      <Filter>Generate</Filter>
    </ClInclude>
    <ClInclude Include="Generate\ALittleScriptWrapExprElement.h">
      <Filter>Generate</Filter>
    </ClInclude>
    <ClInclude Include="Generate\ALittleScriptWrapValueStatElement.h">
      <Filter>Generate</Filter>
    </ClInclude>
    <ClInclude Include="Generate\ALittleScriptAccessModifierElement.h">
      <Filter>Generate</Filter>
    </ClInclude>
    <ClInclude Include="Generate\ALittleScriptAllExprElement.h">
      <Filter>Generate</Filter>
    </ClInclude>
    <ClInclude Include="Generate\ALittleScriptAllTypeConstElement.h">
      <Filter>Generate</Filter>
    </ClInclude>
    <ClInclude Include="Generate\ALittleScriptAllTypeElement.h">
      <Filter>Generate</Filter>
    </ClInclude>
    <ClInclude Include="Guess\ALittleScriptGuessConst.h">
      <Filter>Guess</Filter>
    </ClInclude>
    <ClInclude Include="Guess\ALittleScriptGuessEnum.h">
      <Filter>Guess</Filter>
    </ClInclude>
    <ClInclude Include="Guess\ALittleScriptGuessEnumName.h">
      <Filter>Guess</Filter>
    </ClInclude>
    <ClInclude Include="Guess\ALittleScriptGuessFunctor.h">
      <Filter>Guess</Filter>
    </ClInclude>
    <ClInclude Include="Guess\ALittleScriptGuessList.h">
      <Filter>Guess</Filter>
    </ClInclude>
    <ClInclude Include="Guess\ALittleScriptGuessMap.h">
      <Filter>Guess</Filter>
    </ClInclude>
    <ClInclude Include="Guess\ALittleScriptGuessMethodTemplate.h">
      <Filter>Guess</Filter>
    </ClInclude>
    <ClInclude Include="Guess\ALittleScriptGuessNamespace.h">
      <Filter>Guess</Filter>
    </ClInclude>
    <ClInclude Include="Guess\ALittleScriptGuessNamespaceName.h">
      <Filter>Guess</Filter>
    </ClInclude>
    <ClInclude Include="Guess\ALittleScriptGuessParamTail.h">
      <Filter>Guess</Filter>
    </ClInclude>
    <ClInclude Include="Guess\ALittleScriptGuessPrimitive.h">
      <Filter>Guess</Filter>
    </ClInclude>
    <ClInclude Include="Guess\ALittleScriptGuessReturnTail.h">
      <Filter>Guess</Filter>
    </ClInclude>
    <ClInclude Include="Guess\ALittleScriptGuessStruct.h">
      <Filter>Guess</Filter>
    </ClInclude>
    <ClInclude Include="Guess\ALittleScriptGuessStructName.h">
      <Filter>Guess</Filter>
    </ClInclude>
    <ClInclude Include="Guess\ALittleScriptGuessTemplate.h">
      <Filter>Guess</Filter>
    </ClInclude>
    <ClInclude Include="Guess\ALittleScriptGuess.h">
      <Filter>Guess</Filter>
    </ClInclude>
    <ClInclude Include="Guess\ALittleScriptGuessClass.h">
      <Filter>Guess</Filter>
    </ClInclude>
    <ClInclude Include="Guess\ALittleScriptGuessClassName.h">
      <Filter>Guess</Filter>
    </ClInclude>
    <ClInclude Include="Guess\ALittleScriptGuessClassTemplate.h">
      <Filter>Guess</Filter>
    </ClInclude>
    <ClInclude Include="Index\ALittleScriptEnumData.h">
      <Filter>Index</Filter>
    </ClInclude>
    <ClInclude Include="Index\ALittleScriptFactoryClass.h">
      <Filter>Index</Filter>
    </ClInclude>
    <ClInclude Include="Index\ALittleScriptFileClass.h">
      <Filter>Index</Filter>
    </ClInclude>
    <ClInclude Include="Index\ALittleScriptIndex.h">
      <Filter>Index</Filter>
    </ClInclude>
    <ClInclude Include="Index\ALittleScriptOp.h">
      <Filter>Index</Filter>
    </ClInclude>
    <ClInclude Include="Index\ALittleScriptProjectClass.h">
      <Filter>Index</Filter>
    </ClInclude>
    <ClInclude Include="Index\ALittleScriptStructData.h">
      <Filter>Index</Filter>
    </ClInclude>
    <ClInclude Include="Index\ALittleScriptUtility.h">
      <Filter>Index</Filter>
    </ClInclude>
    <ClInclude Include="Index\ALittleScriptAccessData.h">
      <Filter>Index</Filter>
    </ClInclude>
    <ClInclude Include="Index\ALittleScriptClassData.h">
      <Filter>Index</Filter>
    </ClInclude>
    <ClInclude Include="Index\ALittleScriptDefine.h">
      <Filter>Index</Filter>
    </ClInclude>
    <ClInclude Include="Reference\ALittleScriptAssertExprReference.h">
      <Filter>Reference</Filter>
    </ClInclude>
    <ClInclude Include="Reference\ALittleScriptBindStatReference.h">
      <Filter>Reference</Filter>
    </ClInclude>
    <ClInclude Include="Reference\ALittleScriptBlockCommentReference.h">
      <Filter>Reference</Filter>
    </ClInclude>
    <ClInclude Include="Reference\ALittleScriptClassCtorDecReference.h">
      <Filter>Reference</Filter>
    </ClInclude>
    <ClInclude Include="Reference\ALittleScriptClassDecReference.h">
      <Filter>Reference</Filter>
    </ClInclude>
    <ClInclude Include="Reference\ALittleScriptClassElementDecReference.h">
      <Filter>Reference</Filter>
    </ClInclude>
    <ClInclude Include="Reference\ALittleScriptClassExtendsDecReference.h">
      <Filter>Reference</Filter>
    </ClInclude>
    <ClInclude Include="Reference\ALittleScriptClassGetterDecReference.h">
      <Filter>Reference</Filter>
    </ClInclude>
    <ClInclude Include="Reference\ALittleScriptClassMethodDecReference.h">
      <Filter>Reference</Filter>
    </ClInclude>
    <ClInclude Include="Reference\ALittleScriptClassNameDecReference.h">
      <Filter>Reference</Filter>
    </ClInclude>
    <ClInclude Include="Reference\ALittleScriptClassSetterDecReference.h">
      <Filter>Reference</Filter>
    </ClInclude>
    <ClInclude Include="Reference\ALittleScriptClassStaticDecReference.h">
      <Filter>Reference</Filter>
    </ClInclude>
    <ClInclude Include="Reference\ALittleScriptClassVarDecReference.h">
      <Filter>Reference</Filter>
    </ClInclude>
    <ClInclude Include="Reference\ALittleScriptClassVarNameDecReference.h">
      <Filter>Reference</Filter>
    </ClInclude>
    <ClInclude Include="Reference\ALittleScriptConstValueReference.h">
      <Filter>Reference</Filter>
    </ClInclude>
    <ClInclude Include="Reference\ALittleScriptCoroutineStatReference.h">
      <Filter>Reference</Filter>
    </ClInclude>
    <ClInclude Include="Reference\ALittleScriptCustomTypeCommonReference.h">
      <Filter>Reference</Filter>
    </ClInclude>
    <ClInclude Include="Reference\ALittleScriptCustomTypeDotIdNameReference.h">
      <Filter>Reference</Filter>
    </ClInclude>
    <ClInclude Include="Reference\ALittleScriptCustomTypeDotIdReference.h">
      <Filter>Reference</Filter>
    </ClInclude>
    <ClInclude Include="Reference\ALittleScriptCustomTypeNameReference.h">
      <Filter>Reference</Filter>
    </ClInclude>
    <ClInclude Include="Reference\ALittleScriptCustomTypeReference.h">
      <Filter>Reference</Filter>
    </ClInclude>
    <ClInclude Include="Reference\ALittleScriptDoWhileConditionReference.h">
      <Filter>Reference</Filter>
    </ClInclude>
    <ClInclude Include="Reference\ALittleScriptElseExprReference.h">
      <Filter>Reference</Filter>
    </ClInclude>
    <ClInclude Include="Reference\ALittleScriptElseIfConditionReference.h">
      <Filter>Reference</Filter>
    </ClInclude>
    <ClInclude Include="Reference\ALittleScriptElseIfExprReference.h">
      <Filter>Reference</Filter>
    </ClInclude>
    <ClInclude Include="Reference\ALittleScriptEnumDecReference.h">
      <Filter>Reference</Filter>
    </ClInclude>
    <ClInclude Include="Reference\ALittleScriptEnumNameDecReference.h">
      <Filter>Reference</Filter>
    </ClInclude>
    <ClInclude Include="Reference\ALittleScriptEnumVarDecReference.h">
      <Filter>Reference</Filter>
    </ClInclude>
    <ClInclude Include="Reference\ALittleScriptEnumVarNameDecReference.h">
      <Filter>Reference</Filter>
    </ClInclude>
    <ClInclude Include="Reference\ALittleScriptFactoryClassEx.h">
      <Filter>Reference</Filter>
    </ClInclude>
    <ClInclude Include="Reference\ALittleScriptFlowExprReference.h">
      <Filter>Reference</Filter>
    </ClInclude>
    <ClInclude Include="Reference\ALittleScriptForExprReference.h">
      <Filter>Reference</Filter>
    </ClInclude>
    <ClInclude Include="Reference\ALittleScriptForPairDecReference.h">
      <Filter>Reference</Filter>
    </ClInclude>
    <ClInclude Include="Reference\ALittleScriptGenericTypeReference.h">
      <Filter>Reference</Filter>
    </ClInclude>
    <ClInclude Include="Reference\ALittleScriptGlobalMethodDecReference.h">
      <Filter>Reference</Filter>
    </ClInclude>
    <ClInclude Include="Reference\ALittleScriptIdReference.h">
      <Filter>Reference</Filter>
    </ClInclude>
    <ClInclude Include="Reference\ALittleScriptIfConditionReference.h">
      <Filter>Reference</Filter>
    </ClInclude>
    <ClInclude Include="Reference\ALittleScriptIfExprReference.h">
      <Filter>Reference</Filter>
    </ClInclude>
    <ClInclude Include="Reference\ALittleScriptKeyReference.h">
      <Filter>Reference</Filter>
    </ClInclude>
    <ClInclude Include="Reference\ALittleScriptLanguageModifierReference.h">
      <Filter>Reference</Filter>
    </ClInclude>
    <ClInclude Include="Reference\ALittleScriptLanguageNameDecReference.h">
      <Filter>Reference</Filter>
    </ClInclude>
    <ClInclude Include="Reference\ALittleScriptLineCommentReference.h">
      <Filter>Reference</Filter>
    </ClInclude>
    <ClInclude Include="Reference\ALittleScriptMethodBodyDecReference.h">
      <Filter>Reference</Filter>
    </ClInclude>
    <ClInclude Include="Reference\ALittleScriptMethodNameDecReference.h">
      <Filter>Reference</Filter>
    </ClInclude>
    <ClInclude Include="Reference\ALittleScriptMethodParamNameDecReference.h">
      <Filter>Reference</Filter>
    </ClInclude>
    <ClInclude Include="Reference\ALittleScriptMethodParamOneDecReference.h">
      <Filter>Reference</Filter>
    </ClInclude>
    <ClInclude Include="Reference\ALittleScriptMethodParamTailDecReference.h">
      <Filter>Reference</Filter>
    </ClInclude>
    <ClInclude Include="Reference\ALittleScriptMethodReturnDecReference.h">
      <Filter>Reference</Filter>
    </ClInclude>
    <ClInclude Include="Reference\ALittleScriptMethodReturnTailDecReference.h">
      <Filter>Reference</Filter>
    </ClInclude>
    <ClInclude Include="Reference\ALittleScriptNamespaceDecReference.h">
      <Filter>Reference</Filter>
    </ClInclude>
    <ClInclude Include="Reference\ALittleScriptNamespaceElementDecReference.h">
      <Filter>Reference</Filter>
    </ClInclude>
    <ClInclude Include="Reference\ALittleScriptNamespaceNameDecReference.h">
      <Filter>Reference</Filter>
    </ClInclude>
    <ClInclude Include="Reference\ALittleScriptNumberReference.h">
      <Filter>Reference</Filter>
    </ClInclude>
    <ClInclude Include="Reference\ALittleScriptOp1ExprReference.h">
      <Filter>Reference</Filter>
    </ClInclude>
    <ClInclude Include="Reference\ALittleScriptOpAssignExprReference.h">
      <Filter>Reference</Filter>
    </ClInclude>
    <ClInclude Include="Reference\ALittleScriptOpNewListStatReference.h">
      <Filter>Reference</Filter>
    </ClInclude>
    <ClInclude Include="Reference\ALittleScriptOpNewStatReference.h">
      <Filter>Reference</Filter>
    </ClInclude>
    <ClInclude Include="Reference\ALittleScriptPathsValueReference.h">
      <Filter>Reference</Filter>
    </ClInclude>
    <ClInclude Include="Reference\ALittleScriptPrimitiveTypeReference.h">
      <Filter>Reference</Filter>
    </ClInclude>
    <ClInclude Include="Reference\ALittleScriptPropertyValueBracketValueReference.h">
      <Filter>Reference</Filter>
    </ClInclude>
    <ClInclude Include="Reference\ALittleScriptPropertyValueCastTypeReference.h">
      <Filter>Reference</Filter>
    </ClInclude>
    <ClInclude Include="Reference\ALittleScriptPropertyValueCustomTypeReference.h">
      <Filter>Reference</Filter>
    </ClInclude>
    <ClInclude Include="Reference\ALittleScriptPropertyValueDotIdNameReference.h">
      <Filter>Reference</Filter>
    </ClInclude>
    <ClInclude Include="Reference\ALittleScriptPropertyValueDotIdReference.h">
      <Filter>Reference</Filter>
    </ClInclude>
    <ClInclude Include="Reference\ALittleScriptPropertyValueFirstTypeReference.h">
      <Filter>Reference</Filter>
    </ClInclude>
    <ClInclude Include="Reference\ALittleScriptPropertyValueMethodCallReference.h">
      <Filter>Reference</Filter>
    </ClInclude>
    <ClInclude Include="Reference\ALittleScriptPropertyValueMethodTemplateReference.h">
      <Filter>Reference</Filter>
    </ClInclude>
    <ClInclude Include="Reference\ALittleScriptPropertyValueReference.h">
      <Filter>Reference</Filter>
    </ClInclude>
    <ClInclude Include="Reference\ALittleScriptPropertyValueSuffixReference.h">
      <Filter>Reference</Filter>
    </ClInclude>
    <ClInclude Include="Reference\ALittleScriptPropertyValueThisTypeReference.h">
      <Filter>Reference</Filter>
    </ClInclude>
    <ClInclude Include="Reference\ALittleScriptReferenceTemplate.h">
      <Filter>Reference</Filter>
    </ClInclude>
    <ClInclude Include="Reference\ALittleScriptReflectValueReference.h">
      <Filter>Reference</Filter>
    </ClInclude>
    <ClInclude Include="Reference\ALittleScriptRegexReference.h">
      <Filter>Reference</Filter>
    </ClInclude>
    <ClInclude Include="Reference\ALittleScriptReturnExprReference.h">
      <Filter>Reference</Filter>
    </ClInclude>
    <ClInclude Include="Reference\ALittleScriptStringReference.h">
      <Filter>Reference</Filter>
    </ClInclude>
    <ClInclude Include="Reference\ALittleScriptStructDecReference.h">
      <Filter>Reference</Filter>
    </ClInclude>
    <ClInclude Include="Reference\ALittleScriptStructNameDecReference.h">
      <Filter>Reference</Filter>
    </ClInclude>
    <ClInclude Include="Reference\ALittleScriptStructOptionNameDecReference.h">
      <Filter>Reference</Filter>
    </ClInclude>
    <ClInclude Include="Reference\ALittleScriptStructVarDecReference.h">
      <Filter>Reference</Filter>
    </ClInclude>
    <ClInclude Include="Reference\ALittleScriptStructVarNameDecReference.h">
      <Filter>Reference</Filter>
    </ClInclude>
    <ClInclude Include="Reference\ALittleScriptTcallStatReference.h">
      <Filter>Reference</Filter>
    </ClInclude>
    <ClInclude Include="Reference\ALittleScriptTemplateDecReference.h">
      <Filter>Reference</Filter>
    </ClInclude>
    <ClInclude Include="Reference\ALittleScriptTemplateNameDecReference.h">
      <Filter>Reference</Filter>
    </ClInclude>
    <ClInclude Include="Reference\ALittleScriptTemplatePairDecReference.h">
      <Filter>Reference</Filter>
    </ClInclude>
    <ClInclude Include="Reference\ALittleScriptTextReference.h">
      <Filter>Reference</Filter>
    </ClInclude>
    <ClInclude Include="Reference\ALittleScriptThrowExprReference.h">
      <Filter>Reference</Filter>
    </ClInclude>
    <ClInclude Include="Reference\ALittleScriptUsingDecReference.h">
      <Filter>Reference</Filter>
    </ClInclude>
    <ClInclude Include="Reference\ALittleScriptUsingNameDecReference.h">
      <Filter>Reference</Filter>
    </ClInclude>
    <ClInclude Include="Reference\ALittleScriptValueFactorStatReference.h">
      <Filter>Reference</Filter>
    </ClInclude>
    <ClInclude Include="Reference\ALittleScriptValueStatReference.h">
      <Filter>Reference</Filter>
    </ClInclude>
    <ClInclude Include="Reference\ALittleScriptVarAssignDecReference.h">
      <Filter>Reference</Filter>
    </ClInclude>
    <ClInclude Include="Reference\ALittleScriptVarAssignExprReference.h">
      <Filter>Reference</Filter>
    </ClInclude>
    <ClInclude Include="Reference\ALittleScriptVarAssignNameDecReference.h">
      <Filter>Reference</Filter>
    </ClInclude>
    <ClInclude Include="Reference\ALittleScriptWhileConditionReference.h">
      <Filter>Reference</Filter>
    </ClInclude>
    <ClInclude Include="Reference\ALittleScriptWhileExprReference.h">
      <Filter>Reference</Filter>
    </ClInclude>
    <ClInclude Include="Reference\ALittleScriptWrapValueStatReference.h">
      <Filter>Reference</Filter>
    </ClInclude>
    <ClInclude Include="Reference\ALittleScriptAllExprReference.h">
      <Filter>Reference</Filter>
    </ClInclude>
    <ClInclude Include="Reference\ALittleScriptAllTypeReference.h">
      <Filter>Reference</Filter>
    </ClInclude>
    <ClInclude Include="Translation\ALittleScriptTranslationJavaScript.h">
      <Filter>Translation</Filter>
    </ClInclude>
    <ClInclude Include="Translation\ALittleScriptTranslationLua.h">
      <Filter>Translation</Filter>
    </ClInclude>
    <ClInclude Include="Translation\ALittleScriptTranslation.h">
      <Filter>Translation</Filter>
    </ClInclude>
    <ClInclude Include="..\alanguage\Model\ABnfLeafElement.h">
      <Filter>ALanguage\Model</Filter>
    </ClInclude>
    <ClInclude Include="..\alanguage\Model\ABnfNodeElement.h">
      <Filter>ALanguage\Model</Filter>
    </ClInclude>
    <ClInclude Include="..\alanguage\Model\ABnfReference.h">
      <Filter>ALanguage\Model</Filter>
    </ClInclude>
    <ClInclude Include="..\alanguage\Model\ABnfRegexElement.h">
      <Filter>ALanguage\Model</Filter>
    </ClInclude>
    <ClInclude Include="..\alanguage\Model\ABnfRule.h">
      <Filter>ALanguage\Model</Filter>
    </ClInclude>
    <ClInclude Include="..\alanguage\Model\ABnfRuleInfo.h">
      <Filter>ALanguage\Model</Filter>
    </ClInclude>
    <ClInclude Include="..\alanguage\Model\ABnfRuleNodeInfo.h">
      <Filter>ALanguage\Model</Filter>
    </ClInclude>
    <ClInclude Include="..\alanguage\Model\ABnfRuleTokenInfo.h">
      <Filter>ALanguage\Model</Filter>
    </ClInclude>
    <ClInclude Include="..\alanguage\Model\ABnfStringElement.h">
      <Filter>ALanguage\Model</Filter>
    </ClInclude>
    <ClInclude Include="..\alanguage\Model\ALanguageHelperInfo.h">
      <Filter>ALanguage\Model</Filter>
    </ClInclude>
    <ClInclude Include="..\alanguage\Model\ARegex.h">
      <Filter>ALanguage\Model</Filter>
    </ClInclude>
    <ClInclude Include="..\alanguage\Model\ABnf.h">
      <Filter>ALanguage\Model</Filter>
    </ClInclude>
    <ClInclude Include="..\alanguage\Model\ABnfElement.h">
      <Filter>ALanguage\Model</Filter>
    </ClInclude>
    <ClInclude Include="..\alanguage\Model\ABnfErrorElement.h">
      <Filter>ALanguage\Model</Filter>
    </ClInclude>
    <ClInclude Include="..\alanguage\Model\ABnfGuess.h">
      <Filter>ALanguage\Model</Filter>
    </ClInclude>
    <ClInclude Include="..\alanguage\Model\ABnfKeyElement.h">
      <Filter>ALanguage\Model</Filter>
    </ClInclude>
    <ClInclude Include="..\alanguage\Index\ABnfFile.h">
      <Filter>ALanguage\Index</Filter>
    </ClInclude>
    <ClInclude Include="..\alanguage\Index\ABnfProject.h">
      <Filter>ALanguage\Index</Filter>
    </ClInclude>
    <ClInclude Include="..\alanguage\Index\ABnfFactory.h">
      <Filter>ALanguage\Index</Filter>
    </ClInclude>
    <ClInclude Include="Generate\ALittleScriptOp9SuffixExElement.h">
      <Filter>Generate</Filter>
    </ClInclude>
    <ClInclude Include="Generate\ALittleScriptOp10Element.h">
      <Filter>Generate</Filter>
    </ClInclude>
    <ClInclude Include="Generate\ALittleScriptOp10StatElement.h">
      <Filter>Generate</Filter>
    </ClInclude>
    <ClInclude Include="Generate\ALittleScriptOp10SuffixEeElement.h">
      <Filter>Generate</Filter>
    </ClInclude>
    <ClInclude Include="Generate\ALittleScriptOp10SuffixElement.h">
      <Filter>Generate</Filter>
    </ClInclude>
    <ClInclude Include="Generate\ALittleScriptOp10SuffixExElement.h">
      <Filter>Generate</Filter>
    </ClInclude>
    <ClInclude Include="Generate\ALittleScriptOp11Element.h">
      <Filter>Generate</Filter>
    </ClInclude>
    <ClInclude Include="Generate\ALittleScriptOp11StatElement.h">
      <Filter>Generate</Filter>
    </ClInclude>
    <ClInclude Include="Generate\ALittleScriptOp11SuffixEeElement.h">
      <Filter>Generate</Filter>
    </ClInclude>
    <ClInclude Include="Generate\ALittleScriptOp11SuffixElement.h">
      <Filter>Generate</Filter>
    </ClInclude>
    <ClInclude Include="Generate\ALittleScriptOp11SuffixExElement.h">
      <Filter>Generate</Filter>
    </ClInclude>
    <ClInclude Include="Generate\ALittleScriptOp12Element.h">
      <Filter>Generate</Filter>
    </ClInclude>
    <ClInclude Include="Generate\ALittleScriptOp12StatElement.h">
      <Filter>Generate</Filter>
    </ClInclude>
    <ClInclude Include="Generate\ALittleScriptOp12SuffixEeElement.h">
      <Filter>Generate</Filter>
    </ClInclude>
    <ClInclude Include="Generate\ALittleScriptOp12SuffixElement.h">
      <Filter>Generate</Filter>
    </ClInclude>
    <ClInclude Include="Generate\ALittleScriptOp12SuffixExElement.h">
      <Filter>Generate</Filter>
    </ClInclude>
    <ClInclude Include="Generate\ALittleScriptOp9Element.h">
      <Filter>Generate</Filter>
    </ClInclude>
    <ClInclude Include="Generate\ALittleScriptOp9StatElement.h">
      <Filter>Generate</Filter>
    </ClInclude>
    <ClInclude Include="Generate\ALittleScriptOp9SuffixEeElement.h">
      <Filter>Generate</Filter>
    </ClInclude>
    <ClInclude Include="Generate\ALittleScriptOp9SuffixElement.h">
      <Filter>Generate</Filter>
    </ClInclude>
  </ItemGroup>
  <ItemGroup>
    <ClCompile Include="alittlescriptlib.c" />
    <ClCompile Include="alittlescript.cpp" />
    <ClCompile Include="Generate\ALittleScriptAttributeModifierElement.cpp">
      <Filter>Generate</Filter>
    </ClCompile>
    <ClCompile Include="Generate\ALittleScriptBindStatElement.cpp">
      <Filter>Generate</Filter>
    </ClCompile>
    <ClCompile Include="Generate\ALittleScriptBlockCommentElement.cpp">
      <Filter>Generate</Filter>
    </ClCompile>
    <ClCompile Include="Generate\ALittleScriptClassBodyDecElement.cpp">
      <Filter>Generate</Filter>
    </ClCompile>
    <ClCompile Include="Generate\ALittleScriptClassCtorDecElement.cpp">
      <Filter>Generate</Filter>
    </ClCompile>
    <ClCompile Include="Generate\ALittleScriptClassDecElement.cpp">
      <Filter>Generate</Filter>
    </ClCompile>
    <ClCompile Include="Generate\ALittleScriptClassElementDecElement.cpp">
      <Filter>Generate</Filter>
    </ClCompile>
    <ClCompile Include="Generate\ALittleScriptClassExtendsDecElement.cpp">
      <Filter>Generate</Filter>
    </ClCompile>
    <ClCompile Include="Generate\ALittleScriptClassGetterDecElement.cpp">
      <Filter>Generate</Filter>
    </ClCompile>
    <ClCompile Include="Generate\ALittleScriptClassMethodDecElement.cpp">
      <Filter>Generate</Filter>
    </ClCompile>
    <ClCompile Include="Generate\ALittleScriptClassNameDecElement.cpp">
      <Filter>Generate</Filter>
    </ClCompile>
    <ClCompile Include="Generate\ALittleScriptClassSetterDecElement.cpp">
      <Filter>Generate</Filter>
    </ClCompile>
    <ClCompile Include="Generate\ALittleScriptClassStaticDecElement.cpp">
      <Filter>Generate</Filter>
    </ClCompile>
    <ClCompile Include="Generate\ALittleScriptClassVarDecElement.cpp">
      <Filter>Generate</Filter>
    </ClCompile>
    <ClCompile Include="Generate\ALittleScriptClassVarNameDecElement.cpp">
      <Filter>Generate</Filter>
    </ClCompile>
    <ClCompile Include="Generate\ALittleScriptClassVarValueDecElement.cpp">
      <Filter>Generate</Filter>
    </ClCompile>
    <ClCompile Include="Generate\ALittleScriptCommandBodyDecElement.cpp">
      <Filter>Generate</Filter>
    </ClCompile>
    <ClCompile Include="Generate\ALittleScriptCommandModifierElement.cpp">
      <Filter>Generate</Filter>
    </ClCompile>
    <ClCompile Include="Generate\ALittleScriptConstModifierElement.cpp">
      <Filter>Generate</Filter>
    </ClCompile>
    <ClCompile Include="Generate\ALittleScriptConstValueElement.cpp">
      <Filter>Generate</Filter>
    </ClCompile>
    <ClCompile Include="Generate\ALittleScriptCoroutineModifierElement.cpp">
      <Filter>Generate</Filter>
    </ClCompile>
    <ClCompile Include="Generate\ALittleScriptCoroutineStatElement.cpp">
      <Filter>Generate</Filter>
    </ClCompile>
    <ClCompile Include="Generate\ALittleScriptCustomTypeDotIdElement.cpp">
      <Filter>Generate</Filter>
    </ClCompile>
    <ClCompile Include="Generate\ALittleScriptCustomTypeDotIdNameElement.cpp">
      <Filter>Generate</Filter>
    </ClCompile>
    <ClCompile Include="Generate\ALittleScriptCustomTypeElement.cpp">
      <Filter>Generate</Filter>
    </ClCompile>
    <ClCompile Include="Generate\ALittleScriptCustomTypeNameElement.cpp">
      <Filter>Generate</Filter>
    </ClCompile>
    <ClCompile Include="Generate\ALittleScriptCustomTypeTemplateElement.cpp">
      <Filter>Generate</Filter>
    </ClCompile>
    <ClCompile Include="Generate\ALittleScriptDoWhileBodyElement.cpp">
      <Filter>Generate</Filter>
    </ClCompile>
    <ClCompile Include="Generate\ALittleScriptDoWhileConditionElement.cpp">
      <Filter>Generate</Filter>
    </ClCompile>
    <ClCompile Include="Generate\ALittleScriptDoWhileExprElement.cpp">
      <Filter>Generate</Filter>
    </ClCompile>
    <ClCompile Include="Generate\ALittleScriptElseBodyElement.cpp">
      <Filter>Generate</Filter>
    </ClCompile>
    <ClCompile Include="Generate\ALittleScriptElseExprElement.cpp">
      <Filter>Generate</Filter>
    </ClCompile>
    <ClCompile Include="Generate\ALittleScriptElseIfBodyElement.cpp">
      <Filter>Generate</Filter>
    </ClCompile>
    <ClCompile Include="Generate\ALittleScriptElseIfConditionElement.cpp">
      <Filter>Generate</Filter>
    </ClCompile>
    <ClCompile Include="Generate\ALittleScriptElseIfExprElement.cpp">
      <Filter>Generate</Filter>
    </ClCompile>
    <ClCompile Include="Generate\ALittleScriptEmptyExprElement.cpp">
      <Filter>Generate</Filter>
    </ClCompile>
    <ClCompile Include="Generate\ALittleScriptEnumBodyDecElement.cpp">
      <Filter>Generate</Filter>
    </ClCompile>
    <ClCompile Include="Generate\ALittleScriptEnumDecElement.cpp">
      <Filter>Generate</Filter>
    </ClCompile>
    <ClCompile Include="Generate\ALittleScriptEnumNameDecElement.cpp">
      <Filter>Generate</Filter>
    </ClCompile>
    <ClCompile Include="Generate\ALittleScriptEnumVarDecElement.cpp">
      <Filter>Generate</Filter>
    </ClCompile>
    <ClCompile Include="Generate\ALittleScriptEnumVarNameDecElement.cpp">
      <Filter>Generate</Filter>
    </ClCompile>
    <ClCompile Include="Generate\ALittleScriptFlowExprElement.cpp">
      <Filter>Generate</Filter>
    </ClCompile>
    <ClCompile Include="Generate\ALittleScriptForBodyElement.cpp">
      <Filter>Generate</Filter>
    </ClCompile>
    <ClCompile Include="Generate\ALittleScriptForConditionElement.cpp">
      <Filter>Generate</Filter>
    </ClCompile>
    <ClCompile Include="Generate\ALittleScriptForEndStatElement.cpp">
      <Filter>Generate</Filter>
    </ClCompile>
    <ClCompile Include="Generate\ALittleScriptForExprElement.cpp">
      <Filter>Generate</Filter>
    </ClCompile>
    <ClCompile Include="Generate\ALittleScriptForInConditionElement.cpp">
      <Filter>Generate</Filter>
    </ClCompile>
    <ClCompile Include="Generate\ALittleScriptForPairDecElement.cpp">
      <Filter>Generate</Filter>
    </ClCompile>
    <ClCompile Include="Generate\ALittleScriptForStartStatElement.cpp">
      <Filter>Generate</Filter>
    </ClCompile>
    <ClCompile Include="Generate\ALittleScriptForStepConditionElement.cpp">
      <Filter>Generate</Filter>
    </ClCompile>
    <ClCompile Include="Generate\ALittleScriptForStepStatElement.cpp">
      <Filter>Generate</Filter>
    </ClCompile>
    <ClCompile Include="Generate\ALittleScriptGenericFunctorParamOneTypeElement.cpp">
      <Filter>Generate</Filter>
    </ClCompile>
    <ClCompile Include="Generate\ALittleScriptGenericFunctorParamTailElement.cpp">
      <Filter>Generate</Filter>
    </ClCompile>
    <ClCompile Include="Generate\ALittleScriptGenericFunctorParamTypeElement.cpp">
      <Filter>Generate</Filter>
    </ClCompile>
    <ClCompile Include="Generate\ALittleScriptGenericFunctorReturnOneTypeElement.cpp">
      <Filter>Generate</Filter>
    </ClCompile>
    <ClCompile Include="Generate\ALittleScriptGenericFunctorReturnTailElement.cpp">
      <Filter>Generate</Filter>
    </ClCompile>
    <ClCompile Include="Generate\ALittleScriptGenericFunctorReturnTypeElement.cpp">
      <Filter>Generate</Filter>
    </ClCompile>
    <ClCompile Include="Generate\ALittleScriptGenericFunctorTypeElement.cpp">
      <Filter>Generate</Filter>
    </ClCompile>
    <ClCompile Include="Generate\ALittleScriptGenericListTypeElement.cpp">
      <Filter>Generate</Filter>
    </ClCompile>
    <ClCompile Include="Generate\ALittleScriptGenericMapTypeElement.cpp">
      <Filter>Generate</Filter>
    </ClCompile>
    <ClCompile Include="Generate\ALittleScriptGenericTypeElement.cpp">
      <Filter>Generate</Filter>
    </ClCompile>
    <ClCompile Include="Generate\ALittleScriptGlobalMethodDecElement.cpp">
      <Filter>Generate</Filter>
    </ClCompile>
    <ClCompile Include="Generate\ALittleScriptIdElement.cpp">
      <Filter>Generate</Filter>
    </ClCompile>
    <ClCompile Include="Generate\ALittleScriptIfBodyElement.cpp">
      <Filter>Generate</Filter>
    </ClCompile>
    <ClCompile Include="Generate\ALittleScriptIfConditionElement.cpp">
      <Filter>Generate</Filter>
    </ClCompile>
    <ClCompile Include="Generate\ALittleScriptIfExprElement.cpp">
      <Filter>Generate</Filter>
    </ClCompile>
    <ClCompile Include="Generate\ALittleScriptInstanceDecElement.cpp">
      <Filter>Generate</Filter>
    </ClCompile>
    <ClCompile Include="Generate\ALittleScriptLanguageBodyDecElement.cpp">
      <Filter>Generate</Filter>
    </ClCompile>
    <ClCompile Include="Generate\ALittleScriptLanguageModifierElement.cpp">
      <Filter>Generate</Filter>
    </ClCompile>
    <ClCompile Include="Generate\ALittleScriptLanguageNameDecElement.cpp">
      <Filter>Generate</Filter>
    </ClCompile>
    <ClCompile Include="Generate\ALittleScriptLineCommentElement.cpp">
      <Filter>Generate</Filter>
    </ClCompile>
    <ClCompile Include="Generate\ALittleScriptMethodBodyDecElement.cpp">
      <Filter>Generate</Filter>
    </ClCompile>
    <ClCompile Include="Generate\ALittleScriptMethodGetterParamDecElement.cpp">
      <Filter>Generate</Filter>
    </ClCompile>
    <ClCompile Include="Generate\ALittleScriptMethodNameDecElement.cpp">
      <Filter>Generate</Filter>
    </ClCompile>
    <ClCompile Include="Generate\ALittleScriptMethodParamDecElement.cpp">
      <Filter>Generate</Filter>
    </ClCompile>
    <ClCompile Include="Generate\ALittleScriptMethodParamNameDecElement.cpp">
      <Filter>Generate</Filter>
    </ClCompile>
    <ClCompile Include="Generate\ALittleScriptMethodParamOneDecElement.cpp">
      <Filter>Generate</Filter>
    </ClCompile>
    <ClCompile Include="Generate\ALittleScriptMethodParamTailDecElement.cpp">
      <Filter>Generate</Filter>
    </ClCompile>
    <ClCompile Include="Generate\ALittleScriptMethodReturnDecElement.cpp">
      <Filter>Generate</Filter>
    </ClCompile>
    <ClCompile Include="Generate\ALittleScriptMethodReturnOneDecElement.cpp">
      <Filter>Generate</Filter>
    </ClCompile>
    <ClCompile Include="Generate\ALittleScriptMethodReturnTailDecElement.cpp">
      <Filter>Generate</Filter>
    </ClCompile>
    <ClCompile Include="Generate\ALittleScriptMethodSetterParamDecElement.cpp">
      <Filter>Generate</Filter>
    </ClCompile>
    <ClCompile Include="Generate\ALittleScriptModifierElement.cpp">
      <Filter>Generate</Filter>
    </ClCompile>
    <ClCompile Include="Generate\ALittleScriptNamespaceDecElement.cpp">
      <Filter>Generate</Filter>
    </ClCompile>
    <ClCompile Include="Generate\ALittleScriptNamespaceElementDecElement.cpp">
      <Filter>Generate</Filter>
    </ClCompile>
    <ClCompile Include="Generate\ALittleScriptNamespaceNameDecElement.cpp">
      <Filter>Generate</Filter>
    </ClCompile>
    <ClCompile Include="Generate\ALittleScriptNativeModifierElement.cpp">
      <Filter>Generate</Filter>
    </ClCompile>
    <ClCompile Include="Generate\ALittleScriptNullableModifierElement.cpp">
      <Filter>Generate</Filter>
    </ClCompile>
    <ClCompile Include="Generate\ALittleScriptNumberElement.cpp">
      <Filter>Generate</Filter>
    </ClCompile>
    <ClCompile Include="Generate\ALittleScriptOp1Element.cpp">
      <Filter>Generate</Filter>
    </ClCompile>
    <ClCompile Include="Generate\ALittleScriptOp1ExprElement.cpp">
      <Filter>Generate</Filter>
    </ClCompile>
    <ClCompile Include="Generate\ALittleScriptOp2Element.cpp">
      <Filter>Generate</Filter>
    </ClCompile>
    <ClCompile Include="Generate\ALittleScriptOp2StatElement.cpp">
      <Filter>Generate</Filter>
    </ClCompile>
    <ClCompile Include="Generate\ALittleScriptOp2SuffixExElement.cpp">
      <Filter>Generate</Filter>
    </ClCompile>
    <ClCompile Include="Generate\ALittleScriptOp2ValueElement.cpp">
      <Filter>Generate</Filter>
    </ClCompile>
    <ClCompile Include="Generate\ALittleScriptOp3Element.cpp">
      <Filter>Generate</Filter>
    </ClCompile>
    <ClCompile Include="Generate\ALittleScriptOp3StatElement.cpp">
      <Filter>Generate</Filter>
    </ClCompile>
    <ClCompile Include="Generate\ALittleScriptOp3SuffixElement.cpp">
      <Filter>Generate</Filter>
    </ClCompile>
    <ClCompile Include="Generate\ALittleScriptOp3SuffixExElement.cpp">
      <Filter>Generate</Filter>
    </ClCompile>
    <ClCompile Include="Generate\ALittleScriptOp4Element.cpp">
      <Filter>Generate</Filter>
    </ClCompile>
    <ClCompile Include="Generate\ALittleScriptOp4StatElement.cpp">
      <Filter>Generate</Filter>
    </ClCompile>
    <ClCompile Include="Generate\ALittleScriptOp4SuffixEeElement.cpp">
      <Filter>Generate</Filter>
    </ClCompile>
    <ClCompile Include="Generate\ALittleScriptOp4SuffixElement.cpp">
      <Filter>Generate</Filter>
    </ClCompile>
    <ClCompile Include="Generate\ALittleScriptOp4SuffixExElement.cpp">
      <Filter>Generate</Filter>
    </ClCompile>
    <ClCompile Include="Generate\ALittleScriptOp5Element.cpp">
      <Filter>Generate</Filter>
    </ClCompile>
    <ClCompile Include="Generate\ALittleScriptOp5StatElement.cpp">
      <Filter>Generate</Filter>
    </ClCompile>
    <ClCompile Include="Generate\ALittleScriptOp5SuffixEeElement.cpp">
      <Filter>Generate</Filter>
    </ClCompile>
    <ClCompile Include="Generate\ALittleScriptOp5SuffixElement.cpp">
      <Filter>Generate</Filter>
    </ClCompile>
    <ClCompile Include="Generate\ALittleScriptOp5SuffixExElement.cpp">
      <Filter>Generate</Filter>
    </ClCompile>
    <ClCompile Include="Generate\ALittleScriptOp6Element.cpp">
      <Filter>Generate</Filter>
    </ClCompile>
    <ClCompile Include="Generate\ALittleScriptOp6StatElement.cpp">
      <Filter>Generate</Filter>
    </ClCompile>
    <ClCompile Include="Generate\ALittleScriptOp6SuffixEeElement.cpp">
      <Filter>Generate</Filter>
    </ClCompile>
    <ClCompile Include="Generate\ALittleScriptOp6SuffixElement.cpp">
      <Filter>Generate</Filter>
    </ClCompile>
    <ClCompile Include="Generate\ALittleScriptOp6SuffixExElement.cpp">
      <Filter>Generate</Filter>
    </ClCompile>
    <ClCompile Include="Generate\ALittleScriptOp7Element.cpp">
      <Filter>Generate</Filter>
    </ClCompile>
    <ClCompile Include="Generate\ALittleScriptOp7StatElement.cpp">
      <Filter>Generate</Filter>
    </ClCompile>
    <ClCompile Include="Generate\ALittleScriptOp7SuffixEeElement.cpp">
      <Filter>Generate</Filter>
    </ClCompile>
    <ClCompile Include="Generate\ALittleScriptOp7SuffixElement.cpp">
      <Filter>Generate</Filter>
    </ClCompile>
    <ClCompile Include="Generate\ALittleScriptOp7SuffixExElement.cpp">
      <Filter>Generate</Filter>
    </ClCompile>
    <ClCompile Include="Generate\ALittleScriptOp8Element.cpp">
      <Filter>Generate</Filter>
    </ClCompile>
    <ClCompile Include="Generate\ALittleScriptOp8StatElement.cpp">
      <Filter>Generate</Filter>
    </ClCompile>
    <ClCompile Include="Generate\ALittleScriptOp8SuffixEeElement.cpp">
      <Filter>Generate</Filter>
    </ClCompile>
    <ClCompile Include="Generate\ALittleScriptOp8SuffixElement.cpp">
      <Filter>Generate</Filter>
    </ClCompile>
    <ClCompile Include="Generate\ALittleScriptOp8SuffixExElement.cpp">
      <Filter>Generate</Filter>
    </ClCompile>
    <ClCompile Include="Generate\ALittleScriptOpAssignElement.cpp">
      <Filter>Generate</Filter>
    </ClCompile>
    <ClCompile Include="Generate\ALittleScriptOpAssignExprElement.cpp">
      <Filter>Generate</Filter>
    </ClCompile>
    <ClCompile Include="Generate\ALittleScriptOpNewListStatElement.cpp">
      <Filter>Generate</Filter>
    </ClCompile>
    <ClCompile Include="Generate\ALittleScriptOpNewStatElement.cpp">
      <Filter>Generate</Filter>
    </ClCompile>
    <ClCompile Include="Generate\ALittleScriptPathsValueElement.cpp">
      <Filter>Generate</Filter>
    </ClCompile>
    <ClCompile Include="Generate\ALittleScriptPrimitiveTypeElement.cpp">
      <Filter>Generate</Filter>
    </ClCompile>
    <ClCompile Include="Generate\ALittleScriptPropertyValueBracketValueElement.cpp">
      <Filter>Generate</Filter>
    </ClCompile>
    <ClCompile Include="Generate\ALittleScriptPropertyValueCastTypeElement.cpp">
      <Filter>Generate</Filter>
    </ClCompile>
    <ClCompile Include="Generate\ALittleScriptPropertyValueCustomTypeElement.cpp">
      <Filter>Generate</Filter>
    </ClCompile>
    <ClCompile Include="Generate\ALittleScriptPropertyValueDotIdElement.cpp">
      <Filter>Generate</Filter>
    </ClCompile>
    <ClCompile Include="Generate\ALittleScriptPropertyValueDotIdNameElement.cpp">
      <Filter>Generate</Filter>
    </ClCompile>
    <ClCompile Include="Generate\ALittleScriptPropertyValueElement.cpp">
      <Filter>Generate</Filter>
    </ClCompile>
    <ClCompile Include="Generate\ALittleScriptPropertyValueFirstTypeElement.cpp">
      <Filter>Generate</Filter>
    </ClCompile>
    <ClCompile Include="Generate\ALittleScriptPropertyValueMethodCallElement.cpp">
      <Filter>Generate</Filter>
    </ClCompile>
    <ClCompile Include="Generate\ALittleScriptPropertyValueMethodTemplateElement.cpp">
      <Filter>Generate</Filter>
    </ClCompile>
    <ClCompile Include="Generate\ALittleScriptPropertyValueSuffixElement.cpp">
      <Filter>Generate</Filter>
    </ClCompile>
    <ClCompile Include="Generate\ALittleScriptPropertyValueThisTypeElement.cpp">
      <Filter>Generate</Filter>
    </ClCompile>
    <ClCompile Include="Generate\ALittleScriptProtocolModifierElement.cpp">
      <Filter>Generate</Filter>
    </ClCompile>
    <ClCompile Include="Generate\ALittleScriptReflectCustomTypeElement.cpp">
      <Filter>Generate</Filter>
    </ClCompile>
    <ClCompile Include="Generate\ALittleScriptReflectValueElement.cpp">
      <Filter>Generate</Filter>
    </ClCompile>
    <ClCompile Include="Generate\ALittleScriptReflectValueStatElement.cpp">
      <Filter>Generate</Filter>
    </ClCompile>
    <ClCompile Include="Generate\ALittleScriptRegisterModifierElement.cpp">
      <Filter>Generate</Filter>
    </ClCompile>
    <ClCompile Include="Generate\ALittleScriptReturnExprElement.cpp">
      <Filter>Generate</Filter>
    </ClCompile>
    <ClCompile Include="Generate\ALittleScriptReturnYieldElement.cpp">
      <Filter>Generate</Filter>
    </ClCompile>
    <ClCompile Include="Generate\ALittleScriptRootElement.cpp">
      <Filter>Generate</Filter>
    </ClCompile>
    <ClCompile Include="Generate\ALittleScriptStructBodyDecElement.cpp">
      <Filter>Generate</Filter>
    </ClCompile>
    <ClCompile Include="Generate\ALittleScriptStructDecElement.cpp">
      <Filter>Generate</Filter>
    </ClCompile>
    <ClCompile Include="Generate\ALittleScriptStructExtendsDecElement.cpp">
      <Filter>Generate</Filter>
    </ClCompile>
    <ClCompile Include="Generate\ALittleScriptStructNameDecElement.cpp">
      <Filter>Generate</Filter>
    </ClCompile>
    <ClCompile Include="Generate\ALittleScriptStructOptionDecElement.cpp">
      <Filter>Generate</Filter>
    </ClCompile>
    <ClCompile Include="Generate\ALittleScriptStructOptionNameDecElement.cpp">
      <Filter>Generate</Filter>
    </ClCompile>
    <ClCompile Include="Generate\ALittleScriptStructVarDecElement.cpp">
      <Filter>Generate</Filter>
    </ClCompile>
    <ClCompile Include="Generate\ALittleScriptStructVarNameDecElement.cpp">
      <Filter>Generate</Filter>
    </ClCompile>
    <ClCompile Include="Generate\ALittleScriptTcallStatElement.cpp">
      <Filter>Generate</Filter>
    </ClCompile>
    <ClCompile Include="Generate\ALittleScriptTemplateDecElement.cpp">
      <Filter>Generate</Filter>
    </ClCompile>
    <ClCompile Include="Generate\ALittleScriptTemplateExtendsClassDecElement.cpp">
      <Filter>Generate</Filter>
    </ClCompile>
    <ClCompile Include="Generate\ALittleScriptTemplateExtendsDecElement.cpp">
      <Filter>Generate</Filter>
    </ClCompile>
    <ClCompile Include="Generate\ALittleScriptTemplateExtendsStructDecElement.cpp">
      <Filter>Generate</Filter>
    </ClCompile>
    <ClCompile Include="Generate\ALittleScriptTemplateNameDecElement.cpp">
      <Filter>Generate</Filter>
    </ClCompile>
    <ClCompile Include="Generate\ALittleScriptTemplatePairDecElement.cpp">
      <Filter>Generate</Filter>
    </ClCompile>
    <ClCompile Include="Generate\ALittleScriptTextElement.cpp">
      <Filter>Generate</Filter>
    </ClCompile>
    <ClCompile Include="Generate\ALittleScriptThrowExprElement.cpp">
      <Filter>Generate</Filter>
    </ClCompile>
    <ClCompile Include="Generate\ALittleScriptUsingDecElement.cpp">
      <Filter>Generate</Filter>
    </ClCompile>
    <ClCompile Include="Generate\ALittleScriptUsingNameDecElement.cpp">
      <Filter>Generate</Filter>
    </ClCompile>
    <ClCompile Include="Generate\ALittleScriptValueFactorStatElement.cpp">
      <Filter>Generate</Filter>
    </ClCompile>
    <ClCompile Include="Generate\ALittleScriptValueOpStatElement.cpp">
      <Filter>Generate</Filter>
    </ClCompile>
    <ClCompile Include="Generate\ALittleScriptValueStatElement.cpp">
      <Filter>Generate</Filter>
    </ClCompile>
    <ClCompile Include="Generate\ALittleScriptVarAssignDecElement.cpp">
      <Filter>Generate</Filter>
    </ClCompile>
    <ClCompile Include="Generate\ALittleScriptVarAssignExprElement.cpp">
      <Filter>Generate</Filter>
    </ClCompile>
    <ClCompile Include="Generate\ALittleScriptVarAssignNameDecElement.cpp">
      <Filter>Generate</Filter>
    </ClCompile>
    <ClCompile Include="Generate\ALittleScriptWhileBodyElement.cpp">
      <Filter>Generate</Filter>
    </ClCompile>
    <ClCompile Include="Generate\ALittleScriptWhileConditionElement.cpp">
      <Filter>Generate</Filter>
    </ClCompile>
    <ClCompile Include="Generate\ALittleScriptWhileExprElement.cpp">
      <Filter>Generate</Filter>
    </ClCompile>
    <ClCompile Include="Generate\ALittleScriptWrapExprElement.cpp">
      <Filter>Generate</Filter>
    </ClCompile>
    <ClCompile Include="Generate\ALittleScriptWrapValueStatElement.cpp">
      <Filter>Generate</Filter>
    </ClCompile>
    <ClCompile Include="Generate\ALittleScriptAccessModifierElement.cpp">
      <Filter>Generate</Filter>
    </ClCompile>
    <ClCompile Include="Generate\ALittleScriptAllExprElement.cpp">
      <Filter>Generate</Filter>
    </ClCompile>
    <ClCompile Include="Generate\ALittleScriptAllTypeConstElement.cpp">
      <Filter>Generate</Filter>
    </ClCompile>
    <ClCompile Include="Generate\ALittleScriptAllTypeElement.cpp">
      <Filter>Generate</Filter>
    </ClCompile>
    <ClCompile Include="Generate\ALittleScriptAssertExprElement.cpp">
      <Filter>Generate</Filter>
    </ClCompile>
    <ClCompile Include="Guess\ALittleScriptGuessConst.cpp">
      <Filter>Guess</Filter>
    </ClCompile>
    <ClCompile Include="Guess\ALittleScriptGuessEnum.cpp">
      <Filter>Guess</Filter>
    </ClCompile>
    <ClCompile Include="Guess\ALittleScriptGuessEnumName.cpp">
      <Filter>Guess</Filter>
    </ClCompile>
    <ClCompile Include="Guess\ALittleScriptGuessFunctor.cpp">
      <Filter>Guess</Filter>
    </ClCompile>
    <ClCompile Include="Guess\ALittleScriptGuessList.cpp">
      <Filter>Guess</Filter>
    </ClCompile>
    <ClCompile Include="Guess\ALittleScriptGuessMap.cpp">
      <Filter>Guess</Filter>
    </ClCompile>
    <ClCompile Include="Guess\ALittleScriptGuessMethodTemplate.cpp">
      <Filter>Guess</Filter>
    </ClCompile>
    <ClCompile Include="Guess\ALittleScriptGuessNamespace.cpp">
      <Filter>Guess</Filter>
    </ClCompile>
    <ClCompile Include="Guess\ALittleScriptGuessNamespaceName.cpp">
      <Filter>Guess</Filter>
    </ClCompile>
    <ClCompile Include="Guess\ALittleScriptGuessParamTail.cpp">
      <Filter>Guess</Filter>
    </ClCompile>
    <ClCompile Include="Guess\ALittleScriptGuessPrimitive.cpp">
      <Filter>Guess</Filter>
    </ClCompile>
    <ClCompile Include="Guess\ALittleScriptGuessReturnTail.cpp">
      <Filter>Guess</Filter>
    </ClCompile>
    <ClCompile Include="Guess\ALittleScriptGuessStruct.cpp">
      <Filter>Guess</Filter>
    </ClCompile>
    <ClCompile Include="Guess\ALittleScriptGuessStructName.cpp">
      <Filter>Guess</Filter>
    </ClCompile>
    <ClCompile Include="Guess\ALittleScriptGuessTemplate.cpp">
      <Filter>Guess</Filter>
    </ClCompile>
    <ClCompile Include="Guess\ALittleScriptGuessClass.cpp">
      <Filter>Guess</Filter>
    </ClCompile>
    <ClCompile Include="Guess\ALittleScriptGuessClassName.cpp">
      <Filter>Guess</Filter>
    </ClCompile>
    <ClCompile Include="Guess\ALittleScriptGuessClassTemplate.cpp">
      <Filter>Guess</Filter>
    </ClCompile>
    <ClCompile Include="Index\ALittleScriptFactoryClass.cpp">
      <Filter>Index</Filter>
    </ClCompile>
    <ClCompile Include="Index\ALittleScriptFileClass.cpp">
      <Filter>Index</Filter>
    </ClCompile>
    <ClCompile Include="Index\ALittleScriptIndex.cpp">
      <Filter>Index</Filter>
    </ClCompile>
    <ClCompile Include="Index\ALittleScriptOp.cpp">
      <Filter>Index</Filter>
    </ClCompile>
    <ClCompile Include="Index\ALittleScriptProjectClass.cpp">
      <Filter>Index</Filter>
    </ClCompile>
    <ClCompile Include="Index\ALittleScriptStructData.cpp">
      <Filter>Index</Filter>
    </ClCompile>
    <ClCompile Include="Index\ALittleScriptUtility.cpp">
      <Filter>Index</Filter>
    </ClCompile>
    <ClCompile Include="Index\ALittleScriptAccessData.cpp">
      <Filter>Index</Filter>
    </ClCompile>
    <ClCompile Include="Index\ALittleScriptClassData.cpp">
      <Filter>Index</Filter>
    </ClCompile>
    <ClCompile Include="Index\ALittleScriptEnumData.cpp">
      <Filter>Index</Filter>
    </ClCompile>
    <ClCompile Include="Reference\ALittleScriptAssertExprReference.cpp">
      <Filter>Reference</Filter>
    </ClCompile>
    <ClCompile Include="Reference\ALittleScriptBindStatReference.cpp">
      <Filter>Reference</Filter>
    </ClCompile>
    <ClCompile Include="Reference\ALittleScriptClassCtorDecReference.cpp">
      <Filter>Reference</Filter>
    </ClCompile>
    <ClCompile Include="Reference\ALittleScriptClassDecReference.cpp">
      <Filter>Reference</Filter>
    </ClCompile>
    <ClCompile Include="Reference\ALittleScriptClassElementDecReference.cpp">
      <Filter>Reference</Filter>
    </ClCompile>
    <ClCompile Include="Reference\ALittleScriptClassExtendsDecReference.cpp">
      <Filter>Reference</Filter>
    </ClCompile>
    <ClCompile Include="Reference\ALittleScriptClassMethodDecReference.cpp">
      <Filter>Reference</Filter>
    </ClCompile>
    <ClCompile Include="Reference\ALittleScriptClassNameDecReference.cpp">
      <Filter>Reference</Filter>
    </ClCompile>
    <ClCompile Include="Reference\ALittleScriptClassStaticDecReference.cpp">
      <Filter>Reference</Filter>
    </ClCompile>
    <ClCompile Include="Reference\ALittleScriptClassVarDecReference.cpp">
      <Filter>Reference</Filter>
    </ClCompile>
    <ClCompile Include="Reference\ALittleScriptConstValueReference.cpp">
      <Filter>Reference</Filter>
    </ClCompile>
    <ClCompile Include="Reference\ALittleScriptCoroutineStatReference.cpp">
      <Filter>Reference</Filter>
    </ClCompile>
    <ClCompile Include="Reference\ALittleScriptCustomTypeCommonReference.cpp">
      <Filter>Reference</Filter>
    </ClCompile>
    <ClCompile Include="Reference\ALittleScriptCustomTypeDotIdNameReference.cpp">
      <Filter>Reference</Filter>
    </ClCompile>
    <ClCompile Include="Reference\ALittleScriptCustomTypeDotIdReference.cpp">
      <Filter>Reference</Filter>
    </ClCompile>
    <ClCompile Include="Reference\ALittleScriptCustomTypeReference.cpp">
      <Filter>Reference</Filter>
    </ClCompile>
    <ClCompile Include="Reference\ALittleScriptDoWhileConditionReference.cpp">
      <Filter>Reference</Filter>
    </ClCompile>
    <ClCompile Include="Reference\ALittleScriptElseExprReference.cpp">
      <Filter>Reference</Filter>
    </ClCompile>
    <ClCompile Include="Reference\ALittleScriptElseIfConditionReference.cpp">
      <Filter>Reference</Filter>
    </ClCompile>
    <ClCompile Include="Reference\ALittleScriptElseIfExprReference.cpp">
      <Filter>Reference</Filter>
    </ClCompile>
    <ClCompile Include="Reference\ALittleScriptEnumDecReference.cpp">
      <Filter>Reference</Filter>
    </ClCompile>
    <ClCompile Include="Reference\ALittleScriptEnumNameDecReference.cpp">
      <Filter>Reference</Filter>
    </ClCompile>
    <ClCompile Include="Reference\ALittleScriptEnumVarDecReference.cpp">
      <Filter>Reference</Filter>
    </ClCompile>
    <ClCompile Include="Reference\ALittleScriptFactoryClassEx.cpp">
      <Filter>Reference</Filter>
    </ClCompile>
    <ClCompile Include="Reference\ALittleScriptFlowExprReference.cpp">
      <Filter>Reference</Filter>
    </ClCompile>
    <ClCompile Include="Reference\ALittleScriptForExprReference.cpp">
      <Filter>Reference</Filter>
    </ClCompile>
    <ClCompile Include="Reference\ALittleScriptForPairDecReference.cpp">
      <Filter>Reference</Filter>
    </ClCompile>
    <ClCompile Include="Reference\ALittleScriptGenericTypeReference.cpp">
      <Filter>Reference</Filter>
    </ClCompile>
    <ClCompile Include="Reference\ALittleScriptGlobalMethodDecReference.cpp">
      <Filter>Reference</Filter>
    </ClCompile>
    <ClCompile Include="Reference\ALittleScriptIdReference.cpp">
      <Filter>Reference</Filter>
    </ClCompile>
    <ClCompile Include="Reference\ALittleScriptIfConditionReference.cpp">
      <Filter>Reference</Filter>
    </ClCompile>
    <ClCompile Include="Reference\ALittleScriptIfExprReference.cpp">
      <Filter>Reference</Filter>
    </ClCompile>
    <ClCompile Include="Reference\ALittleScriptKeyReference.cpp">
      <Filter>Reference</Filter>
    </ClCompile>
    <ClCompile Include="Reference\ALittleScriptLanguageModifierReference.cpp">
      <Filter>Reference</Filter>
    </ClCompile>
    <ClCompile Include="Reference\ALittleScriptLanguageNameDecReference.cpp">
      <Filter>Reference</Filter>
    </ClCompile>
    <ClCompile Include="Reference\ALittleScriptMethodBodyDecReference.cpp">
      <Filter>Reference</Filter>
    </ClCompile>
    <ClCompile Include="Reference\ALittleScriptMethodNameDecReference.cpp">
      <Filter>Reference</Filter>
    </ClCompile>
    <ClCompile Include="Reference\ALittleScriptMethodParamNameDecReference.cpp">
      <Filter>Reference</Filter>
    </ClCompile>
    <ClCompile Include="Reference\ALittleScriptMethodParamOneDecReference.cpp">
      <Filter>Reference</Filter>
    </ClCompile>
    <ClCompile Include="Reference\ALittleScriptMethodParamTailDecReference.cpp">
      <Filter>Reference</Filter>
    </ClCompile>
    <ClCompile Include="Reference\ALittleScriptMethodReturnTailDecReference.cpp">
      <Filter>Reference</Filter>
    </ClCompile>
    <ClCompile Include="Reference\ALittleScriptNamespaceDecReference.cpp">
      <Filter>Reference</Filter>
    </ClCompile>
    <ClCompile Include="Reference\ALittleScriptNamespaceElementDecReference.cpp">
      <Filter>Reference</Filter>
    </ClCompile>
    <ClCompile Include="Reference\ALittleScriptNamespaceNameDecReference.cpp">
      <Filter>Reference</Filter>
    </ClCompile>
    <ClCompile Include="Reference\ALittleScriptOp1ExprReference.cpp">
      <Filter>Reference</Filter>
    </ClCompile>
    <ClCompile Include="Reference\ALittleScriptOpAssignExprReference.cpp">
      <Filter>Reference</Filter>
    </ClCompile>
    <ClCompile Include="Reference\ALittleScriptOpNewListStatReference.cpp">
      <Filter>Reference</Filter>
    </ClCompile>
    <ClCompile Include="Reference\ALittleScriptOpNewStatReference.cpp">
      <Filter>Reference</Filter>
    </ClCompile>
    <ClCompile Include="Reference\ALittleScriptPathsValueReference.cpp">
      <Filter>Reference</Filter>
    </ClCompile>
    <ClCompile Include="Reference\ALittleScriptPrimitiveTypeReference.cpp">
      <Filter>Reference</Filter>
    </ClCompile>
    <ClCompile Include="Reference\ALittleScriptPropertyValueBracketValueReference.cpp">
      <Filter>Reference</Filter>
    </ClCompile>
    <ClCompile Include="Reference\ALittleScriptPropertyValueCastTypeReference.cpp">
      <Filter>Reference</Filter>
    </ClCompile>
    <ClCompile Include="Reference\ALittleScriptPropertyValueCustomTypeReference.cpp">
      <Filter>Reference</Filter>
    </ClCompile>
    <ClCompile Include="Reference\ALittleScriptPropertyValueDotIdNameReference.cpp">
      <Filter>Reference</Filter>
    </ClCompile>
    <ClCompile Include="Reference\ALittleScriptPropertyValueDotIdReference.cpp">
      <Filter>Reference</Filter>
    </ClCompile>
    <ClCompile Include="Reference\ALittleScriptPropertyValueFirstTypeReference.cpp">
      <Filter>Reference</Filter>
    </ClCompile>
    <ClCompile Include="Reference\ALittleScriptPropertyValueMethodCallReference.cpp">
      <Filter>Reference</Filter>
    </ClCompile>
    <ClCompile Include="Reference\ALittleScriptPropertyValueMethodTemplateReference.cpp">
      <Filter>Reference</Filter>
    </ClCompile>
    <ClCompile Include="Reference\ALittleScriptPropertyValueReference.cpp">
      <Filter>Reference</Filter>
    </ClCompile>
    <ClCompile Include="Reference\ALittleScriptPropertyValueSuffixReference.cpp">
      <Filter>Reference</Filter>
    </ClCompile>
    <ClCompile Include="Reference\ALittleScriptPropertyValueThisTypeReference.cpp">
      <Filter>Reference</Filter>
    </ClCompile>
    <ClCompile Include="Reference\ALittleScriptReferenceTemplate.cpp">
      <Filter>Reference</Filter>
    </ClCompile>
    <ClCompile Include="Reference\ALittleScriptReflectValueReference.cpp">
      <Filter>Reference</Filter>
    </ClCompile>
    <ClCompile Include="Reference\ALittleScriptReturnExprReference.cpp">
      <Filter>Reference</Filter>
    </ClCompile>
    <ClCompile Include="Reference\ALittleScriptStructDecReference.cpp">
      <Filter>Reference</Filter>
    </ClCompile>
    <ClCompile Include="Reference\ALittleScriptStructNameDecReference.cpp">
      <Filter>Reference</Filter>
    </ClCompile>
    <ClCompile Include="Reference\ALittleScriptStructVarDecReference.cpp">
      <Filter>Reference</Filter>
    </ClCompile>
    <ClCompile Include="Reference\ALittleScriptTcallStatReference.cpp">
      <Filter>Reference</Filter>
    </ClCompile>
    <ClCompile Include="Reference\ALittleScriptTemplateDecReference.cpp">
      <Filter>Reference</Filter>
    </ClCompile>
    <ClCompile Include="Reference\ALittleScriptTemplatePairDecReference.cpp">
      <Filter>Reference</Filter>
    </ClCompile>
    <ClCompile Include="Reference\ALittleScriptThrowExprReference.cpp">
      <Filter>Reference</Filter>
    </ClCompile>
    <ClCompile Include="Reference\ALittleScriptUsingDecReference.cpp">
      <Filter>Reference</Filter>
    </ClCompile>
    <ClCompile Include="Reference\ALittleScriptUsingNameDecReference.cpp">
      <Filter>Reference</Filter>
    </ClCompile>
    <ClCompile Include="Reference\ALittleScriptValueFactorStatReference.cpp">
      <Filter>Reference</Filter>
    </ClCompile>
    <ClCompile Include="Reference\ALittleScriptValueStatReference.cpp">
      <Filter>Reference</Filter>
    </ClCompile>
    <ClCompile Include="Reference\ALittleScriptVarAssignDecReference.cpp">
      <Filter>Reference</Filter>
    </ClCompile>
    <ClCompile Include="Reference\ALittleScriptVarAssignExprReference.cpp">
      <Filter>Reference</Filter>
    </ClCompile>
    <ClCompile Include="Reference\ALittleScriptVarAssignNameDecReference.cpp">
      <Filter>Reference</Filter>
    </ClCompile>
    <ClCompile Include="Reference\ALittleScriptWhileConditionReference.cpp">
      <Filter>Reference</Filter>
    </ClCompile>
    <ClCompile Include="Reference\ALittleScriptWhileExprReference.cpp">
      <Filter>Reference</Filter>
    </ClCompile>
    <ClCompile Include="Reference\ALittleScriptWrapValueStatReference.cpp">
      <Filter>Reference</Filter>
    </ClCompile>
    <ClCompile Include="Reference\ALittleScriptAllExprReference.cpp">
      <Filter>Reference</Filter>
    </ClCompile>
    <ClCompile Include="Reference\ALittleScriptAllTypeReference.cpp">
      <Filter>Reference</Filter>
    </ClCompile>
    <ClCompile Include="Translation\ALittleScriptTranslationLua.cpp">
      <Filter>Translation</Filter>
    </ClCompile>
    <ClCompile Include="Translation\ALittleScriptTranslation.cpp">
      <Filter>Translation</Filter>
    </ClCompile>
    <ClCompile Include="Translation\ALittleScriptTranslationJavaScript.cpp">
      <Filter>Translation</Filter>
    </ClCompile>
    <ClCompile Include="..\alanguage\Model\ABnfLeafElement.cpp">
      <Filter>ALanguage\Model</Filter>
    </ClCompile>
    <ClCompile Include="..\alanguage\Model\ABnfNodeElement.cpp">
      <Filter>ALanguage\Model</Filter>
    </ClCompile>
    <ClCompile Include="..\alanguage\Model\ABnfRule.cpp">
      <Filter>ALanguage\Model</Filter>
    </ClCompile>
    <ClCompile Include="..\alanguage\Model\ABnfRuleInfo.cpp">
      <Filter>ALanguage\Model</Filter>
    </ClCompile>
    <ClCompile Include="..\alanguage\Model\ABnfRuleNodeInfo.cpp">
      <Filter>ALanguage\Model</Filter>
    </ClCompile>
    <ClCompile Include="..\alanguage\Model\ARegex.cpp">
      <Filter>ALanguage\Model</Filter>
    </ClCompile>
    <ClCompile Include="..\alanguage\Model\ABnf.cpp">
      <Filter>ALanguage\Model</Filter>
    </ClCompile>
    <ClCompile Include="..\alanguage\Model\ABnfElement.cpp">
      <Filter>ALanguage\Model</Filter>
    </ClCompile>
    <ClCompile Include="..\alanguage\Index\ABnfFile.cpp">
      <Filter>ALanguage\Index</Filter>
    </ClCompile>
    <ClCompile Include="..\alanguage\Index\ABnfProject.cpp">
      <Filter>ALanguage\Index</Filter>
    </ClCompile>
    <ClCompile Include="..\alanguage\Index\ABnfFactory.cpp">
      <Filter>ALanguage\Index</Filter>
    </ClCompile>
    <ClCompile Include="Generate\ALittleScriptOp9SuffixExElement.cpp">
      <Filter>Generate</Filter>
    </ClCompile>
    <ClCompile Include="Generate\ALittleScriptOp10Element.cpp">
      <Filter>Generate</Filter>
    </ClCompile>
    <ClCompile Include="Generate\ALittleScriptOp10StatElement.cpp">
      <Filter>Generate</Filter>
    </ClCompile>
    <ClCompile Include="Generate\ALittleScriptOp10SuffixEeElement.cpp">
      <Filter>Generate</Filter>
    </ClCompile>
    <ClCompile Include="Generate\ALittleScriptOp10SuffixElement.cpp">
      <Filter>Generate</Filter>
    </ClCompile>
    <ClCompile Include="Generate\ALittleScriptOp10SuffixExElement.cpp">
      <Filter>Generate</Filter>
    </ClCompile>
    <ClCompile Include="Generate\ALittleScriptOp11Element.cpp">
      <Filter>Generate</Filter>
    </ClCompile>
    <ClCompile Include="Generate\ALittleScriptOp11StatElement.cpp">
      <Filter>Generate</Filter>
    </ClCompile>
    <ClCompile Include="Generate\ALittleScriptOp11SuffixEeElement.cpp">
      <Filter>Generate</Filter>
    </ClCompile>
    <ClCompile Include="Generate\ALittleScriptOp11SuffixElement.cpp">
      <Filter>Generate</Filter>
    </ClCompile>
    <ClCompile Include="Generate\ALittleScriptOp11SuffixExElement.cpp">
      <Filter>Generate</Filter>
    </ClCompile>
    <ClCompile Include="Generate\ALittleScriptOp12Element.cpp">
      <Filter>Generate</Filter>
    </ClCompile>
    <ClCompile Include="Generate\ALittleScriptOp12StatElement.cpp">
      <Filter>Generate</Filter>
    </ClCompile>
    <ClCompile Include="Generate\ALittleScriptOp12SuffixEeElement.cpp">
      <Filter>Generate</Filter>
    </ClCompile>
    <ClCompile Include="Generate\ALittleScriptOp12SuffixElement.cpp">
      <Filter>Generate</Filter>
    </ClCompile>
    <ClCompile Include="Generate\ALittleScriptOp12SuffixExElement.cpp">
      <Filter>Generate</Filter>
    </ClCompile>
    <ClCompile Include="Generate\ALittleScriptOp9Element.cpp">
      <Filter>Generate</Filter>
    </ClCompile>
    <ClCompile Include="Generate\ALittleScriptOp9StatElement.cpp">
      <Filter>Generate</Filter>
    </ClCompile>
    <ClCompile Include="Generate\ALittleScriptOp9SuffixEeElement.cpp">
      <Filter>Generate</Filter>
    </ClCompile>
    <ClCompile Include="Generate\ALittleScriptOp9SuffixElement.cpp">
      <Filter>Generate</Filter>
    </ClCompile>
  </ItemGroup>
  <ItemGroup>
    <Filter Include="Generate">
      <UniqueIdentifier>{ecefb303-650e-440a-bd4f-1c9c5c179c39}</UniqueIdentifier>
    </Filter>
    <Filter Include="Guess">
      <UniqueIdentifier>{67d98966-7740-40af-84a9-dabfb3b4f4fc}</UniqueIdentifier>
    </Filter>
    <Filter Include="Index">
      <UniqueIdentifier>{56087cd3-3926-4f83-b302-4e8084b637a1}</UniqueIdentifier>
    </Filter>
    <Filter Include="Reference">
      <UniqueIdentifier>{4ec2cc20-37a7-41ec-829b-bc56c8cfbf15}</UniqueIdentifier>
    </Filter>
    <Filter Include="Translation">
      <UniqueIdentifier>{8d1afe21-19fe-4621-ac13-c289ef9f1b51}</UniqueIdentifier>
    </Filter>
    <Filter Include="ALanguage">
      <UniqueIdentifier>{d70ee848-1f31-451c-a8d6-08f99cf0031e}</UniqueIdentifier>
    </Filter>
    <Filter Include="ALanguage\Model">
      <UniqueIdentifier>{ff102fb3-a8a0-4eff-949a-15f23f2749e8}</UniqueIdentifier>
    </Filter>
    <Filter Include="ALanguage\Index">
      <UniqueIdentifier>{374d99b7-e0d0-4593-9f2e-33d3de30db31}</UniqueIdentifier>
    </Filter>
  </ItemGroup>
</Project>