<?xml version="1.0" encoding="utf-8"?>
<Project ToolsVersion="4.0" xmlns="http://schemas.microsoft.com/developer/msbuild/2003">
  <ItemGroup>
    <ClInclude Include="opencvlib.h" />
    <ClInclude Include="..\..\Carp\carp_opencv_bind.hpp" />
    <ClInclude Include="..\..\Carp\carp_surface_bind.hpp" />
  </ItemGroup>
  <ItemGroup>
    <ClCompile Include="opencvlib.cpp" />
  </ItemGroup>
</Project>