<?xml version="1.0" encoding="utf-8"?>
<Project ToolsVersion="4.0" xmlns="http://schemas.microsoft.com/developer/msbuild/2003">
  <ItemGroup>
    <ClInclude Include="alittle_schedule.hpp" />
    <ClInclude Include="..\..\lualib\ajson\lua_ajson.h">
      <Filter>ScriptSystem\ajson</Filter>
    </ClInclude>
    <ClInclude Include="..\..\lualib\cjson\lua_cjson.h">
      <Filter>ScriptSystem\cjson</Filter>
    </ClInclude>
    <ClInclude Include="..\..\lualib\cjson\strbuf.h">
      <Filter>ScriptSystem\cjson</Filter>
    </ClInclude>
    <ClInclude Include="..\..\lualib\cjson\fpconv.h">
      <Filter>ScriptSystem\cjson</Filter>
    </ClInclude>
    <ClInclude Include="..\..\lualib\sqlite3\sqlite3.h">
      <Filter>ScriptSystem\sqlite3</Filter>
    </ClInclude>
    <ClInclude Include="..\..\lualib\sqlite3\sqlite3ext.h">
      <Filter>ScriptSystem\sqlite3</Filter>
    </ClInclude>
    <ClInclude Include="..\..\lualib\sqlite3\lsqlite3.h">
      <Filter>ScriptSystem\sqlite3</Filter>
    </ClInclude>
    <ClInclude Include="alittle_script.hpp" />
    <ClInclude Include="alittle_audio.hpp" />
    <ClInclude Include="alittle_net.hpp" />
    <ClInclude Include="alittle_csv.hpp" />
    <ClInclude Include="alittle_surface.hpp" />
    <ClInclude Include="alittle_font.hpp" />
  </ItemGroup>
  <ItemGroup>
    <ClCompile Include="alittle_main.cpp" />
    <ClCompile Include="..\..\lualib\ajson\lua_ajson.c">
      <Filter>ScriptSystem\ajson</Filter>
    </ClCompile>
    <ClCompile Include="..\..\lualib\cjson\lua_cjson.c">
      <Filter>ScriptSystem\cjson</Filter>
    </ClCompile>
    <ClCompile Include="..\..\lualib\cjson\strbuf.c">
      <Filter>ScriptSystem\cjson</Filter>
    </ClCompile>
    <ClCompile Include="..\..\lualib\cjson\fpconv.c">
      <Filter>ScriptSystem\cjson</Filter>
    </ClCompile>
    <ClCompile Include="..\..\lualib\sqlite3\lsqlite3.c">
      <Filter>ScriptSystem\sqlite3</Filter>
    </ClCompile>
    <ClCompile Include="..\..\lualib\sqlite3\sqlite3.c">
      <Filter>ScriptSystem\sqlite3</Filter>
    </ClCompile>
  </ItemGroup>
  <ItemGroup>
    <Filter Include="ScriptSystem">
      <UniqueIdentifier>{85061705-e59e-4f46-bf6d-367137a45b08}</UniqueIdentifier>
    </Filter>
    <Filter Include="ScriptSystem\ajson">
      <UniqueIdentifier>{62685e54-6d30-4048-9e17-b5283820b4cf}</UniqueIdentifier>
    </Filter>
    <Filter Include="ScriptSystem\cjson">
      <UniqueIdentifier>{47bb8861-138f-4409-93c5-4a9518db1c24}</UniqueIdentifier>
    </Filter>
    <Filter Include="ScriptSystem\sqlite3">
      <UniqueIdentifier>{8df25e16-0656-4cee-a6ab-efea167d81c5}</UniqueIdentifier>
    </Filter>
  </ItemGroup>
</Project>