<?xml version="1.0" encoding="utf-8"?>
<Project ToolsVersion="4.0" xmlns="http://schemas.microsoft.com/developer/msbuild/2003">
  <ItemGroup>
    <None Include="src\Main.alittle" />
    <None Include="src\AUICodeEdit\ABnf\AUICodeABnf.alittle">
      <Filter>AUICodeEdit\ABnf</Filter>
    </None>
    <None Include="src\AUICodeEdit\ABnf\AUICodeALittleScript.alittle">
      <Filter>AUICodeEdit\ABnf</Filter>
    </None>
    <None Include="src\AUICodeEdit\ABnf\AUICodeCommon.alittle">
      <Filter>AUICodeEdit\ABnf</Filter>
    </None>
    <None Include="src\AUI\AUIImageCutPlugin.alittle">
      <Filter>AUI</Filter>
    </None>
    <None Include="src\AUI\AUIIMEManager.alittle">
      <Filter>AUI</Filter>
    </None>
    <None Include="src\AUI\AUIRightMenu.alittle">
      <Filter>AUI</Filter>
    </None>
    <None Include="src\AUI\AUIStatLayout.alittle">
      <Filter>AUI</Filter>
    </None>
    <None Include="src\AUI\AUITool.alittle">
      <Filter>AUI</Filter>
    </None>
    <None Include="src\AUI\AUIVersionManager.alittle">
      <Filter>AUI</Filter>
    </None>
    <None Include="src\AUI\AUIWebLoginManager.alittle">
      <Filter>AUI</Filter>
    </None>
    <None Include="src\AUI\AUIDrawingBoard.alittle">
      <Filter>AUI</Filter>
    </None>
    <None Include="src\AUI\AUIEditImageDialog.alittle">
      <Filter>AUI</Filter>
    </None>
    <None Include="src\AUI\AUIFileSelectDialog.alittle">
      <Filter>AUI</Filter>
    </None>
    <None Include="src\AUI\AUIFileSelectLayout.alittle">
      <Filter>AUI</Filter>
    </None>
    <None Include="src\AUI\AUIFileTreeLayout.alittle">
      <Filter>AUI</Filter>
    </None>
    <None Include="src\Protobuf\Lua\memory.alittle">
      <Filter>Protobuf\Lua</Filter>
    </None>
    <None Include="src\Protobuf\Lua\protobuf.alittle">
      <Filter>Protobuf\Lua</Filter>
    </None>
    <None Include="src\Protobuf\Lua\socket.alittle">
      <Filter>Protobuf\Lua</Filter>
    </None>
    <None Include="src\Protobuf\Lua\ISocket.alittle">
      <Filter>Protobuf\Lua</Filter>
    </None>
    <None Include="src\Protobuf\Lua\LuaProtobufSchedule.alittle">
      <Filter>Protobuf\Lua</Filter>
    </None>
    <None Include="src\AUICodeEdit\AUICodeLineContainer.alittle">
      <Filter>AUICodeEdit</Filter>
    </None>
    <None Include="src\AUICodeEdit\AUICodeLineNumber.alittle">
      <Filter>AUICodeEdit</Filter>
    </None>
    <None Include="src\AUICodeEdit\AUICodeParamList.alittle">
      <Filter>AUICodeEdit</Filter>
    </None>
    <None Include="src\AUICodeEdit\AUICodeProject.alittle">
      <Filter>AUICodeEdit</Filter>
    </None>
    <None Include="src\AUICodeEdit\AUICodeRevocation.alittle">
      <Filter>AUICodeEdit</Filter>
    </None>
    <None Include="src\AUICodeEdit\AUICodeSelectCursor.alittle">
      <Filter>AUICodeEdit</Filter>
    </None>
    <None Include="src\AUICodeEdit\AUICodeCompleteScreen.alittle">
      <Filter>AUICodeEdit</Filter>
    </None>
    <None Include="src\AUICodeEdit\AUICodeComponent.alittle">
      <Filter>AUICodeEdit</Filter>
    </None>
    <None Include="src\AUICodeEdit\AUICodeCursor.alittle">
      <Filter>AUICodeEdit</Filter>
    </None>
    <None Include="src\AUICodeEdit\AUICodeDefine.alittle">
      <Filter>AUICodeEdit</Filter>
    </None>
    <None Include="src\AUICodeEdit\AUICodeEdit.alittle">
      <Filter>AUICodeEdit</Filter>
    </None>
    <None Include="src\AUICodeEdit\AUICodeFilterScreen.alittle">
      <Filter>AUICodeEdit</Filter>
    </None>
    <None Include="src\AUICodeEdit\AUICodeLanguage.alittle">
      <Filter>AUICodeEdit</Filter>
    </None>
    <None Include="src\AUICodeEdit\Lua\alanguage.alittle">
      <Filter>AUICodeEdit\Lua</Filter>
    </None>
    <None Include="src\AUICodeEdit\Lua\alittlescript.alittle">
      <Filter>AUICodeEdit\Lua</Filter>
    </None>
    <None Include="src\AUICodeEdit\Lua\abnf.alittle">
      <Filter>AUICodeEdit\Lua</Filter>
    </None>
  </ItemGroup>
  <ItemGroup>
    <Filter Include="AUI">
      <UniqueIdentifier>{5de9520e-0884-47e5-b926-eb8ef6bab33e}</UniqueIdentifier>
    </Filter>
    <Filter Include="AUICodeEdit">
      <UniqueIdentifier>{3840ac52-35c2-4dcc-b397-2e1165ecaf6c}</UniqueIdentifier>
    </Filter>
    <Filter Include="AUICodeEdit\ABnf">
      <UniqueIdentifier>{319d2e5a-5de6-45ea-b960-4b876eadd032}</UniqueIdentifier>
    </Filter>
    <Filter Include="Protobuf">
      <UniqueIdentifier>{673a6dfa-1285-40bf-a93c-9005f9412d29}</UniqueIdentifier>
    </Filter>
    <Filter Include="Protobuf\Lua">
      <UniqueIdentifier>{73714141-d5cf-4ddf-993e-6dc6b0001893}</UniqueIdentifier>
    </Filter>
    <Filter Include="AUICodeEdit\Lua">
      <UniqueIdentifier>{f9039086-61f5-4ed8-95f1-e08d35dff11c}</UniqueIdentifier>
    </Filter>
  </ItemGroup>
</Project>