<?xml version="1.0" encoding="utf-8"?>
<Project ToolsVersion="4.0" xmlns="http://schemas.microsoft.com/developer/msbuild/2003">
  <ItemGroup>
    <Filter Include="HttpSystem">
      <UniqueIdentifier>{c5b5f4d9-1718-48b2-b6b6-cd1ce9254446}</UniqueIdentifier>
    </Filter>
    <Filter Include="HttpSystem\Server">
      <UniqueIdentifier>{50f19811-ff72-411f-9ab5-d22d140c2fe3}</UniqueIdentifier>
    </Filter>
    <Filter Include="ServerSystem">
      <UniqueIdentifier>{e42ba274-3d66-48a6-8467-40e63b321136}</UniqueIdentifier>
    </Filter>
    <Filter Include="MysqlSystem">
      <UniqueIdentifier>{7bf4d6e2-0872-40e7-906b-717a1c22b9f0}</UniqueIdentifier>
    </Filter>
    <Filter Include="ClientSystem">
      <UniqueIdentifier>{ec65227c-8071-4af6-8515-f73e1cfa01aa}</UniqueIdentifier>
    </Filter>
    <Filter Include="RouteSystem">
      <UniqueIdentifier>{bec30482-4d9f-4b24-9250-6888d99de42a}</UniqueIdentifier>
    </Filter>
    <Filter Include="ScriptSystem">
      <UniqueIdentifier>{965239d5-9ffb-4365-90bb-cc841cdaed9b}</UniqueIdentifier>
    </Filter>
    <Filter Include="ScriptSystem\ajson">
      <UniqueIdentifier>{cafdf296-ae6b-4777-b59b-04be0baf8872}</UniqueIdentifier>
    </Filter>
    <Filter Include="ScriptSystem\cjson">
      <UniqueIdentifier>{a8fc9e46-10b2-4d32-8bdc-9ce77074949b}</UniqueIdentifier>
    </Filter>
    <Filter Include="ScriptSystem\sqlite3">
      <UniqueIdentifier>{8c2ed422-b085-4c80-8d2b-6a1276bb30ce}</UniqueIdentifier>
    </Filter>
  </ItemGroup>
  <ItemGroup>
    <ClInclude Include="HttpSystem\Server\HttpSender.h">
      <Filter>HttpSystem\Server</Filter>
    </ClInclude>
    <ClInclude Include="HttpSystem\Server\HttpServer.h">
      <Filter>HttpSystem\Server</Filter>
    </ClInclude>
    <ClInclude Include="HttpSystem\Server\HttpReceiver.h">
      <Filter>HttpSystem\Server</Filter>
    </ClInclude>
    <ClInclude Include="ServerSystem\ServerSystem.h">
      <Filter>ServerSystem</Filter>
    </ClInclude>
    <ClInclude Include="ServerSystem\ServerSchedule.h">
      <Filter>ServerSystem</Filter>
    </ClInclude>
    <ClInclude Include="ClientSystem\ClientReceiver.h">
      <Filter>ClientSystem</Filter>
    </ClInclude>
    <ClInclude Include="ClientSystem\ClientServer.h">
      <Filter>ClientSystem</Filter>
    </ClInclude>
    <ClInclude Include="RouteSystem\RouteDefine.h">
      <Filter>RouteSystem</Filter>
    </ClInclude>
    <ClInclude Include="RouteSystem\RouteIdDefine.h">
      <Filter>RouteSystem</Filter>
    </ClInclude>
    <ClInclude Include="RouteSystem\RouteMessage.h">
      <Filter>RouteSystem</Filter>
    </ClInclude>
    <ClInclude Include="RouteSystem\ConnectMessage.h">
      <Filter>RouteSystem</Filter>
    </ClInclude>
    <ClInclude Include="RouteSystem\ConnectServer.h">
      <Filter>RouteSystem</Filter>
    </ClInclude>
    <ClInclude Include="RouteSystem\ConnectEndpoint.h">
      <Filter>RouteSystem</Filter>
    </ClInclude>
    <ClInclude Include="RouteSystem\ConnectClient.h">
      <Filter>RouteSystem</Filter>
    </ClInclude>
    <ClInclude Include="RouteSystem\ConnectReceiver.h">
      <Filter>RouteSystem</Filter>
    </ClInclude>
    <ClInclude Include="RouteSystem\RouteSystem.h">
      <Filter>RouteSystem</Filter>
    </ClInclude>
    <ClInclude Include="RouteSystem\SessionConnection.h">
      <Filter>RouteSystem</Filter>
    </ClInclude>
    <ClInclude Include="MysqlSystem\MysqlSystem.h">
      <Filter>MysqlSystem</Filter>
    </ClInclude>
    <ClInclude Include="ScriptSystem\ScriptSystem.h">
      <Filter>ScriptSystem</Filter>
    </ClInclude>
    <ClInclude Include="..\..\lualib\cjson\lua_cjson.h">
      <Filter>ScriptSystem\cjson</Filter>
    </ClInclude>
    <ClInclude Include="..\..\lualib\cjson\strbuf.h">
      <Filter>ScriptSystem\cjson</Filter>
    </ClInclude>
    <ClInclude Include="..\..\lualib\cjson\fpconv.h">
      <Filter>ScriptSystem\cjson</Filter>
    </ClInclude>
    <ClInclude Include="..\..\lualib\ajson\lua_ajson.h">
      <Filter>ScriptSystem\ajson</Filter>
    </ClInclude>
    <ClInclude Include="..\..\lualib\sqlite3\sqlite3.h">
      <Filter>ScriptSystem\sqlite3</Filter>
    </ClInclude>
    <ClInclude Include="..\..\lualib\sqlite3\sqlite3ext.h">
      <Filter>ScriptSystem\sqlite3</Filter>
    </ClInclude>
    <ClInclude Include="..\..\lualib\sqlite3\lsqlite3.h">
      <Filter>ScriptSystem\sqlite3</Filter>
    </ClInclude>
  </ItemGroup>
  <ItemGroup>
    <ClCompile Include="HttpSystem\Server\HttpSender.cpp">
      <Filter>HttpSystem\Server</Filter>
    </ClCompile>
    <ClCompile Include="HttpSystem\Server\HttpServer.cpp">
      <Filter>HttpSystem\Server</Filter>
    </ClCompile>
    <ClCompile Include="HttpSystem\Server\HttpReceiver.cpp">
      <Filter>HttpSystem\Server</Filter>
    </ClCompile>
    <ClCompile Include="ServerSystem\ServerSystem.cpp">
      <Filter>ServerSystem</Filter>
    </ClCompile>
    <ClCompile Include="ServerSystem\ServerSchedule.cpp">
      <Filter>ServerSystem</Filter>
    </ClCompile>
    <ClCompile Include="ClientSystem\ClientReceiver.cpp">
      <Filter>ClientSystem</Filter>
    </ClCompile>
    <ClCompile Include="ClientSystem\ClientServer.cpp">
      <Filter>ClientSystem</Filter>
    </ClCompile>
    <ClCompile Include="RouteSystem\ConnectServer.cpp">
      <Filter>RouteSystem</Filter>
    </ClCompile>
    <ClCompile Include="RouteSystem\ConnectEndpoint.cpp">
      <Filter>RouteSystem</Filter>
    </ClCompile>
    <ClCompile Include="RouteSystem\ConnectClient.cpp">
      <Filter>RouteSystem</Filter>
    </ClCompile>
    <ClCompile Include="RouteSystem\ConnectReceiver.cpp">
      <Filter>RouteSystem</Filter>
    </ClCompile>
    <ClCompile Include="RouteSystem\RouteSystem.cpp">
      <Filter>RouteSystem</Filter>
    </ClCompile>
    <ClCompile Include="RouteSystem\RouteSystemConnect.cpp">
      <Filter>RouteSystem</Filter>
    </ClCompile>
    <ClCompile Include="RouteSystem\RouteSystemSearch.cpp">
      <Filter>RouteSystem</Filter>
    </ClCompile>
    <ClCompile Include="RouteSystem\SessionConnection.cpp">
      <Filter>RouteSystem</Filter>
    </ClCompile>
    <ClCompile Include="ClientSystem\ClientReceiverWebSocket.cpp">
      <Filter>ClientSystem</Filter>
    </ClCompile>
    <ClCompile Include="ClientSystem\ClientReceiverBinary.cpp">
      <Filter>ClientSystem</Filter>
    </ClCompile>
    <ClCompile Include="MysqlSystem\MysqlSystem.cpp">
      <Filter>MysqlSystem</Filter>
    </ClCompile>
    <ClCompile Include="ScriptSystem\ScriptSystem.cpp">
      <Filter>ScriptSystem</Filter>
    </ClCompile>
    <ClCompile Include="..\..\lualib\cjson\strbuf.c">
      <Filter>ScriptSystem\cjson</Filter>
    </ClCompile>
    <ClCompile Include="..\..\lualib\cjson\fpconv.c">
      <Filter>ScriptSystem\cjson</Filter>
    </ClCompile>
    <ClCompile Include="..\..\lualib\cjson\lua_cjson.c">
      <Filter>ScriptSystem\cjson</Filter>
    </ClCompile>
    <ClCompile Include="..\..\lualib\ajson\lua_ajson.c">
      <Filter>ScriptSystem\ajson</Filter>
    </ClCompile>
    <ClCompile Include="..\..\lualib\sqlite3\sqlite3.c">
      <Filter>ScriptSystem\sqlite3</Filter>
    </ClCompile>
    <ClCompile Include="..\..\lualib\sqlite3\lsqlite3.c">
      <Filter>ScriptSystem\sqlite3</Filter>
    </ClCompile>
  </ItemGroup>
</Project>