<?xml version="1.0" encoding="utf-8"?>
<Project ToolsVersion="4.0" xmlns="http://schemas.microsoft.com/developer/msbuild/2003">
  <ItemGroup>
    <ClInclude Include="sipserverlib.h" />
    <ClInclude Include="sipserver.hpp" />
    <ClInclude Include="osip\src\osipparser2\parser.h">
      <Filter>osip\osipparser2</Filter>
    </ClInclude>
    <ClInclude Include="osip\src\osip2\xixt.h">
      <Filter>osip\osip2</Filter>
    </ClInclude>
    <ClInclude Include="osip\src\osip2\fsm.h">
      <Filter>osip\osip2</Filter>
    </ClInclude>
  </ItemGroup>
  <ItemGroup>
    <ClCompile Include="sipserverlib.cpp" />
    <ClCompile Include="osip\src\osipparser2\osip_alert_info.c">
      <Filter>osip\osipparser2</Filter>
    </ClCompile>
    <ClCompile Include="osip\src\osipparser2\osip_allow.c">
      <Filter>osip\osipparser2</Filter>
    </ClCompile>
    <ClCompile Include="osip\src\osipparser2\osip_authentication_info.c">
      <Filter>osip\osipparser2</Filter>
    </ClCompile>
    <ClCompile Include="osip\src\osipparser2\osip_authorization.c">
      <Filter>osip\osipparser2</Filter>
    </ClCompile>
    <ClCompile Include="osip\src\osipparser2\osip_body.c">
      <Filter>osip\osipparser2</Filter>
    </ClCompile>
    <ClCompile Include="osip\src\osipparser2\osip_call_id.c">
      <Filter>osip\osipparser2</Filter>
    </ClCompile>
    <ClCompile Include="osip\src\osipparser2\osip_call_info.c">
      <Filter>osip\osipparser2</Filter>
    </ClCompile>
    <ClCompile Include="osip\src\osipparser2\osip_contact.c">
      <Filter>osip\osipparser2</Filter>
    </ClCompile>
    <ClCompile Include="osip\src\osipparser2\osip_content_disposition.c">
      <Filter>osip\osipparser2</Filter>
    </ClCompile>
    <ClCompile Include="osip\src\osipparser2\osip_content_encoding.c">
      <Filter>osip\osipparser2</Filter>
    </ClCompile>
    <ClCompile Include="osip\src\osipparser2\osip_content_length.c">
      <Filter>osip\osipparser2</Filter>
    </ClCompile>
    <ClCompile Include="osip\src\osipparser2\osip_content_type.c">
      <Filter>osip\osipparser2</Filter>
    </ClCompile>
    <ClCompile Include="osip\src\osipparser2\osip_cseq.c">
      <Filter>osip\osipparser2</Filter>
    </ClCompile>
    <ClCompile Include="osip\src\osipparser2\osip_error_info.c">
      <Filter>osip\osipparser2</Filter>
    </ClCompile>
    <ClCompile Include="osip\src\osipparser2\osip_from.c">
      <Filter>osip\osipparser2</Filter>
    </ClCompile>
    <ClCompile Include="osip\src\osipparser2\osip_header.c">
      <Filter>osip\osipparser2</Filter>
    </ClCompile>
    <ClCompile Include="osip\src\osipparser2\osip_list.c">
      <Filter>osip\osipparser2</Filter>
    </ClCompile>
    <ClCompile Include="osip\src\osipparser2\osip_md5c.c">
      <Filter>osip\osipparser2</Filter>
    </ClCompile>
    <ClCompile Include="osip\src\osipparser2\osip_message.c">
      <Filter>osip\osipparser2</Filter>
    </ClCompile>
    <ClCompile Include="osip\src\osipparser2\osip_message_parse.c">
      <Filter>osip\osipparser2</Filter>
    </ClCompile>
    <ClCompile Include="osip\src\osipparser2\osip_message_to_str.c">
      <Filter>osip\osipparser2</Filter>
    </ClCompile>
    <ClCompile Include="osip\src\osipparser2\osip_mime_version.c">
      <Filter>osip\osipparser2</Filter>
    </ClCompile>
    <ClCompile Include="osip\src\osipparser2\osip_parser_cfg.c">
      <Filter>osip\osipparser2</Filter>
    </ClCompile>
    <ClCompile Include="osip\src\osipparser2\osip_port.c">
      <Filter>osip\osipparser2</Filter>
    </ClCompile>
    <ClCompile Include="osip\src\osipparser2\osip_proxy_authenticate.c">
      <Filter>osip\osipparser2</Filter>
    </ClCompile>
    <ClCompile Include="osip\src\osipparser2\osip_proxy_authentication_info.c">
      <Filter>osip\osipparser2</Filter>
    </ClCompile>
    <ClCompile Include="osip\src\osipparser2\osip_proxy_authorization.c">
      <Filter>osip\osipparser2</Filter>
    </ClCompile>
    <ClCompile Include="osip\src\osipparser2\osip_record_route.c">
      <Filter>osip\osipparser2</Filter>
    </ClCompile>
    <ClCompile Include="osip\src\osipparser2\osip_route.c">
      <Filter>osip\osipparser2</Filter>
    </ClCompile>
    <ClCompile Include="osip\src\osipparser2\osip_to.c">
      <Filter>osip\osipparser2</Filter>
    </ClCompile>
    <ClCompile Include="osip\src\osipparser2\osip_uri.c">
      <Filter>osip\osipparser2</Filter>
    </ClCompile>
    <ClCompile Include="osip\src\osipparser2\osip_via.c">
      <Filter>osip\osipparser2</Filter>
    </ClCompile>
    <ClCompile Include="osip\src\osipparser2\osip_www_authenticate.c">
      <Filter>osip\osipparser2</Filter>
    </ClCompile>
    <ClCompile Include="osip\src\osipparser2\sdp_accessor.c">
      <Filter>osip\osipparser2</Filter>
    </ClCompile>
    <ClCompile Include="osip\src\osipparser2\sdp_message.c">
      <Filter>osip\osipparser2</Filter>
    </ClCompile>
    <ClCompile Include="osip\src\osipparser2\osip_accept.c">
      <Filter>osip\osipparser2</Filter>
    </ClCompile>
    <ClCompile Include="osip\src\osipparser2\osip_accept_encoding.c">
      <Filter>osip\osipparser2</Filter>
    </ClCompile>
    <ClCompile Include="osip\src\osipparser2\osip_accept_language.c">
      <Filter>osip\osipparser2</Filter>
    </ClCompile>
    <ClCompile Include="osip\src\osip2\ist.c">
      <Filter>osip\osip2</Filter>
    </ClCompile>
    <ClCompile Include="osip\src\osip2\ist_fsm.c">
      <Filter>osip\osip2</Filter>
    </ClCompile>
    <ClCompile Include="osip\src\osip2\nict.c">
      <Filter>osip\osip2</Filter>
    </ClCompile>
    <ClCompile Include="osip\src\osip2\nict_fsm.c">
      <Filter>osip\osip2</Filter>
    </ClCompile>
    <ClCompile Include="osip\src\osip2\nist.c">
      <Filter>osip\osip2</Filter>
    </ClCompile>
    <ClCompile Include="osip\src\osip2\nist_fsm.c">
      <Filter>osip\osip2</Filter>
    </ClCompile>
    <ClCompile Include="osip\src\osip2\osip.c">
      <Filter>osip\osip2</Filter>
    </ClCompile>
    <ClCompile Include="osip\src\osip2\osip_dialog.c">
      <Filter>osip\osip2</Filter>
    </ClCompile>
    <ClCompile Include="osip\src\osip2\osip_event.c">
      <Filter>osip\osip2</Filter>
    </ClCompile>
    <ClCompile Include="osip\src\osip2\osip_time.c">
      <Filter>osip\osip2</Filter>
    </ClCompile>
    <ClCompile Include="osip\src\osip2\osip_transaction.c">
      <Filter>osip\osip2</Filter>
    </ClCompile>
    <ClCompile Include="osip\src\osip2\port_condv.c">
      <Filter>osip\osip2</Filter>
    </ClCompile>
    <ClCompile Include="osip\src\osip2\port_fifo.c">
      <Filter>osip\osip2</Filter>
    </ClCompile>
    <ClCompile Include="osip\src\osip2\port_sema.c">
      <Filter>osip\osip2</Filter>
    </ClCompile>
    <ClCompile Include="osip\src\osip2\port_thread.c">
      <Filter>osip\osip2</Filter>
    </ClCompile>
    <ClCompile Include="osip\src\osip2\fsm_misc.c">
      <Filter>osip\osip2</Filter>
    </ClCompile>
    <ClCompile Include="osip\src\osip2\ict.c">
      <Filter>osip\osip2</Filter>
    </ClCompile>
    <ClCompile Include="osip\src\osip2\ict_fsm.c">
      <Filter>osip\osip2</Filter>
    </ClCompile>
  </ItemGroup>
  <ItemGroup>
    <Filter Include="osip">
      <UniqueIdentifier>{41fccfb9-eeef-4a18-8fc4-13013fdfaeb3}</UniqueIdentifier>
    </Filter>
    <Filter Include="osip\osip2">
      <UniqueIdentifier>{029b2838-b408-4c63-8a95-de7a2e63e95f}</UniqueIdentifier>
    </Filter>
    <Filter Include="osip\osipparser2">
      <UniqueIdentifier>{93bb39a9-8a02-4bb7-9327-29f903c53e28}</UniqueIdentifier>
    </Filter>
  </ItemGroup>
</Project>