<?xml version="1.0" encoding="utf-8"?>
<Project ToolsVersion="4.0" xmlns="http://schemas.microsoft.com/developer/msbuild/2003">
  <ItemGroup>
    <None Include="src\Main.alittle" />
    <None Include="src\GCenter.alittle" />
    <None Include="src\IDETool.alittle" />
    <None Include="src\LWSocket.alittle" />
    <None Include="src\LWProtobuf.alittle" />
    <None Include="src\IDEIMEManager.alittle" />
    <None Include="src\GUtility.alittle" />
    <None Include="src\IDETreeLogic.alittle" />
    <None Include="src\IDETreeRepeated.alittle" />
    <None Include="src\IDETreeMap.alittle" />
    <None Include="src\IDETreeMessage.alittle" />
    <None Include="src\IDETree.alittle" />
    <None Include="src\IDETreeValue.alittle" />
    <None Include="src\IDETreeEnum.alittle" />
    <None Include="src\IDETreeBool.alittle" />
  </ItemGroup>
</Project>