<?xml version="1.0" encoding="utf-8"?>
<Project ToolsVersion="4.0" xmlns="http://schemas.microsoft.com/developer/msbuild/2003">
  <ItemGroup>
    <Filter Include="AudioSystem">
      <UniqueIdentifier>{578fefee-5961-407b-8aa5-0c80dc156ca6}</UniqueIdentifier>
    </Filter>
    <Filter Include="Helper">
      <UniqueIdentifier>{8f151102-bb70-4f9b-9d29-72e1cac6dfdb}</UniqueIdentifier>
    </Filter>
    <Filter Include="NetSystem">
      <UniqueIdentifier>{9856c608-9521-4b6b-9283-9d2e4292482f}</UniqueIdentifier>
    </Filter>
    <Filter Include="Platform">
      <UniqueIdentifier>{4e401199-bb36-4f77-989d-cca3631622e0}</UniqueIdentifier>
    </Filter>
    <Filter Include="Platform\Android">
      <UniqueIdentifier>{1f0d7cde-30a0-48d0-b540-1063e039ff4f}</UniqueIdentifier>
    </Filter>
    <Filter Include="Platform\iOS">
      <UniqueIdentifier>{9570b580-0b34-42f6-8256-d5c74cf91582}</UniqueIdentifier>
    </Filter>
    <Filter Include="Platform\Windows">
      <UniqueIdentifier>{931dd32a-eebe-41d1-86c9-41d0514c0625}</UniqueIdentifier>
    </Filter>
    <Filter Include="RenderSystem">
      <UniqueIdentifier>{61bba85b-daa0-48a4-8576-8fe7b737dd12}</UniqueIdentifier>
    </Filter>
    <Filter Include="RenderSystem\DisplayObject">
      <UniqueIdentifier>{cfe0a606-0980-484e-a48e-ac14b415f12d}</UniqueIdentifier>
    </Filter>
    <Filter Include="RenderSystem\Image">
      <UniqueIdentifier>{585e3a0e-987a-461c-9041-498ac1b9741d}</UniqueIdentifier>
    </Filter>
    <Filter Include="RenderSystem\Text">
      <UniqueIdentifier>{6904f8df-8380-4f39-8bf6-8771c793d8ac}</UniqueIdentifier>
    </Filter>
    <Filter Include="RenderSystem\TextArea">
      <UniqueIdentifier>{6e4e6ba6-b881-45e6-b815-52995fb3bdad}</UniqueIdentifier>
    </Filter>
    <Filter Include="RenderSystem\TextEdit">
      <UniqueIdentifier>{5074885a-ca16-4ea3-8ec7-5ec406db8ea7}</UniqueIdentifier>
    </Filter>
    <Filter Include="RenderSystem\TextInput">
      <UniqueIdentifier>{6cb693f4-6ced-4661-a386-f2f0a385c6c9}</UniqueIdentifier>
    </Filter>
    <Filter Include="RenderSystem\Texture">
      <UniqueIdentifier>{accc5b3b-5fcc-47cf-b085-4986a3e17c17}</UniqueIdentifier>
    </Filter>
    <Filter Include="ScheduleSystem">
      <UniqueIdentifier>{3b0ad290-ffef-490c-a40a-22b593e53473}</UniqueIdentifier>
    </Filter>
    <Filter Include="ScriptSystem">
      <UniqueIdentifier>{4ebaf0a4-49d1-4a52-8c67-21be59b4fe2f}</UniqueIdentifier>
    </Filter>
    <Filter Include="Tool">
      <UniqueIdentifier>{b239759e-fac4-4750-bb3f-b926a755c2ed}</UniqueIdentifier>
    </Filter>
    <Filter Include="Carp">
      <UniqueIdentifier>{38371269-9ab7-4708-b2b7-12acedd3e2c0}</UniqueIdentifier>
    </Filter>
    <Filter Include="ScriptSystem\ajson">
      <UniqueIdentifier>{59b913cb-83d6-4400-a40d-8ad5a563742b}</UniqueIdentifier>
    </Filter>
    <Filter Include="ScriptSystem\cjson">
      <UniqueIdentifier>{bd0f94e7-3fb8-4092-aa70-b368550a0fc4}</UniqueIdentifier>
    </Filter>
    <Filter Include="ScriptSystem\sqlite3">
      <UniqueIdentifier>{594d409a-6400-4eef-8a06-7c8f5b0f059f}</UniqueIdentifier>
    </Filter>
  </ItemGroup>
  <ItemGroup>
    <ClInclude Include="AudioSystem\AudioSystem.h">
      <Filter>AudioSystem</Filter>
    </ClInclude>
    <ClInclude Include="Helper\InputHelper.h">
      <Filter>Helper</Filter>
    </ClInclude>
    <ClInclude Include="Helper\NetHelper.h">
      <Filter>Helper</Filter>
    </ClInclude>
    <ClInclude Include="Helper\SystemHelper.h">
      <Filter>Helper</Filter>
    </ClInclude>
    <ClInclude Include="Helper\TextureHelper.h">
      <Filter>Helper</Filter>
    </ClInclude>
    <ClInclude Include="NetSystem\NetSystem.h">
      <Filter>NetSystem</Filter>
    </ClInclude>
    <ClInclude Include="NetSystem\HttpClient.h">
      <Filter>NetSystem</Filter>
    </ClInclude>
    <ClInclude Include="NetSystem\HttpFile.h">
      <Filter>NetSystem</Filter>
    </ClInclude>
    <ClInclude Include="Platform\Android\AndroidSystem.h">
      <Filter>Platform\Android</Filter>
    </ClInclude>
    <ClInclude Include="Platform\iOS\iOSSystem.h">
      <Filter>Platform\iOS</Filter>
    </ClInclude>
    <ClInclude Include="Platform\iOS\KeychainItemWrapper.h">
      <Filter>Platform\iOS</Filter>
    </ClInclude>
    <ClInclude Include="Platform\iOS\Reachability.h">
      <Filter>Platform\iOS</Filter>
    </ClInclude>
    <ClInclude Include="Platform\iOS\iOSDelegate.h">
      <Filter>Platform\iOS</Filter>
    </ClInclude>
    <ClInclude Include="Platform\Windows\WindowsSystem.h">
      <Filter>Platform\Windows</Filter>
    </ClInclude>
    <ClInclude Include="RenderSystem\DisplayObject\DisplayView.h">
      <Filter>RenderSystem\DisplayObject</Filter>
    </ClInclude>
    <ClInclude Include="RenderSystem\DisplayObject\DisplayObject.h">
      <Filter>RenderSystem\DisplayObject</Filter>
    </ClInclude>
    <ClInclude Include="RenderSystem\DisplayObject\DisplayObjects.h">
      <Filter>RenderSystem\DisplayObject</Filter>
    </ClInclude>
    <ClInclude Include="RenderSystem\Image\Quad.h">
      <Filter>RenderSystem\Image</Filter>
    </ClInclude>
    <ClInclude Include="RenderSystem\Image\Sprite.h">
      <Filter>RenderSystem\Image</Filter>
    </ClInclude>
    <ClInclude Include="RenderSystem\Image\Triangle.h">
      <Filter>RenderSystem\Image</Filter>
    </ClInclude>
    <ClInclude Include="RenderSystem\Image\Grid9Image.h">
      <Filter>RenderSystem\Image</Filter>
    </ClInclude>
    <ClInclude Include="RenderSystem\Image\Image.h">
      <Filter>RenderSystem\Image</Filter>
    </ClInclude>
    <ClInclude Include="RenderSystem\Text\Text.h">
      <Filter>RenderSystem\Text</Filter>
    </ClInclude>
    <ClInclude Include="RenderSystem\TextArea\TextArea.h">
      <Filter>RenderSystem\TextArea</Filter>
    </ClInclude>
    <ClInclude Include="RenderSystem\TextEdit\TextEdit.h">
      <Filter>RenderSystem\TextEdit</Filter>
    </ClInclude>
    <ClInclude Include="RenderSystem\TextInput\TextInput.h">
      <Filter>RenderSystem\TextInput</Filter>
    </ClInclude>
    <ClInclude Include="RenderSystem\Texture\Texture.h">
      <Filter>RenderSystem\Texture</Filter>
    </ClInclude>
    <ClInclude Include="RenderSystem\Texture\TextureCutLoader.h">
      <Filter>RenderSystem\Texture</Filter>
    </ClInclude>
    <ClInclude Include="RenderSystem\Texture\TextureLoader.h">
      <Filter>RenderSystem\Texture</Filter>
    </ClInclude>
    <ClInclude Include="RenderSystem\Texture\RenderTexture.h">
      <Filter>RenderSystem\Texture</Filter>
    </ClInclude>
    <ClInclude Include="RenderSystem\Texture\SurfaceTexture.h">
      <Filter>RenderSystem\Texture</Filter>
    </ClInclude>
    <ClInclude Include="RenderSystem\Matrix2D.h">
      <Filter>RenderSystem</Filter>
    </ClInclude>
    <ClInclude Include="RenderSystem\RenderSystem.h">
      <Filter>RenderSystem</Filter>
    </ClInclude>
    <ClInclude Include="RenderSystem\DisplaySystem.h">
      <Filter>RenderSystem</Filter>
    </ClInclude>
    <ClInclude Include="ScheduleSystem\ScheduleSystem.h">
      <Filter>ScheduleSystem</Filter>
    </ClInclude>
    <ClInclude Include="ScheduleSystem\EventDefine.h">
      <Filter>ScheduleSystem</Filter>
    </ClInclude>
    <ClInclude Include="Tool\CsvFile.h">
      <Filter>Tool</Filter>
    </ClInclude>
    <ClInclude Include="Tool\MemoryPool.h">
      <Filter>Tool</Filter>
    </ClInclude>
    <ClInclude Include="Tool\concurrentqueue.h">
      <Filter>Tool</Filter>
    </ClInclude>
    <ClInclude Include="..\..\Carp\carp_win_ime.h">
      <Filter>Carp</Filter>
    </ClInclude>
    <ClInclude Include="..\..\Carp\carp_message.hpp">
      <Filter>Carp</Filter>
    </ClInclude>
    <ClInclude Include="..\..\Carp\carp_http.hpp">
      <Filter>Carp</Filter>
    </ClInclude>
    <ClInclude Include="..\..\Carp\carp_connect_client.hpp">
      <Filter>Carp</Filter>
    </ClInclude>
    <ClInclude Include="..\..\Carp\carp_schedule.hpp">
      <Filter>Carp</Filter>
    </ClInclude>
    <ClInclude Include="..\..\Carp\carp_font.hpp">
      <Filter>Carp</Filter>
    </ClInclude>
    <ClInclude Include="..\..\Carp\carp_mixer.hpp">
      <Filter>Carp</Filter>
    </ClInclude>
    <ClInclude Include="..\..\Carp\carp_thread_consumer.hpp">
      <Filter>Carp</Filter>
    </ClInclude>
    <ClInclude Include="..\..\Carp\carp_log.hpp">
      <Filter>Carp</Filter>
    </ClInclude>
    <ClInclude Include="..\..\Carp\carp_console.hpp">
      <Filter>Carp</Filter>
    </ClInclude>
    <ClInclude Include="..\..\Carp\carp_dump.hpp">
      <Filter>Carp</Filter>
    </ClInclude>
    <ClInclude Include="..\..\Carp\carp_file_cache.hpp">
      <Filter>Carp</Filter>
    </ClInclude>
    <ClInclude Include="..\..\Carp\carp_mysql.hpp">
      <Filter>Carp</Filter>
    </ClInclude>
    <ClInclude Include="..\..\Carp\carp_csv.hpp">
      <Filter>Carp</Filter>
    </ClInclude>
    <ClInclude Include="..\..\Carp\carp_script.hpp">
      <Filter>Carp</Filter>
    </ClInclude>
    <ClInclude Include="..\..\Carp\carp_message_bind.hpp">
      <Filter>Carp</Filter>
    </ClInclude>
    <ClInclude Include="..\..\Carp\carp_string.hpp">
      <Filter>Carp</Filter>
    </ClInclude>
    <ClInclude Include="..\..\Carp\carp_file.hpp">
      <Filter>Carp</Filter>
    </ClInclude>
    <ClInclude Include="..\..\Carp\carp_time.hpp">
      <Filter>Carp</Filter>
    </ClInclude>
    <ClInclude Include="..\..\Carp\carp_log_bind.hpp">
      <Filter>Carp</Filter>
    </ClInclude>
    <ClInclude Include="..\..\Carp\carp_csv_bind.hpp">
      <Filter>Carp</Filter>
    </ClInclude>
    <ClInclude Include="..\..\Carp\carp_miniheap.hpp">
      <Filter>Carp</Filter>
    </ClInclude>
    <ClInclude Include="..\..\Carp\carp_safe_id_creator.hpp">
      <Filter>Carp</Filter>
    </ClInclude>
    <ClInclude Include="..\..\Carp\carp_timer.hpp">
      <Filter>Carp</Filter>
    </ClInclude>
    <ClInclude Include="..\..\Carp\carp_timer_bind.hpp">
      <Filter>Carp</Filter>
    </ClInclude>
    <ClInclude Include="..\..\Carp\carp_file_bind.hpp">
      <Filter>Carp</Filter>
    </ClInclude>
    <ClInclude Include="..\..\Carp\carp_crypto.hpp">
      <Filter>Carp</Filter>
    </ClInclude>
    <ClInclude Include="..\..\Carp\carp_crypto_bind.hpp">
      <Filter>Carp</Filter>
    </ClInclude>
    <ClInclude Include="..\..\Carp\carp_string_bind.hpp">
      <Filter>Carp</Filter>
    </ClInclude>
    <ClInclude Include="..\..\Carp\carp_bit_bind.hpp">
      <Filter>Carp</Filter>
    </ClInclude>
    <ClInclude Include="..\..\Carp\carp_rwops.h">
      <Filter>Carp</Filter>
    </ClInclude>
    <ClInclude Include="..\..\Carp\carp_rwops_bind.hpp">
      <Filter>Carp</Filter>
    </ClInclude>
    <ClInclude Include="..\..\Carp\carp_rwops.hpp">
      <Filter>Carp</Filter>
    </ClInclude>
    <ClInclude Include="ScriptSystem\ScriptSystem.h">
      <Filter>ScriptSystem</Filter>
    </ClInclude>
    <ClInclude Include="..\..\Carp\carp_task_consumer_bind.hpp">
      <Filter>Carp</Filter>
    </ClInclude>
    <ClInclude Include="..\..\Carp\carp_task_consumer.hpp">
      <Filter>Carp</Filter>
    </ClInclude>
    <ClInclude Include="..\..\lualib\sqlite3\sqlite3.h">
      <Filter>ScriptSystem\sqlite3</Filter>
    </ClInclude>
    <ClInclude Include="..\..\lualib\sqlite3\sqlite3ext.h">
      <Filter>ScriptSystem\sqlite3</Filter>
    </ClInclude>
    <ClInclude Include="..\..\lualib\sqlite3\lsqlite3.h">
      <Filter>ScriptSystem\sqlite3</Filter>
    </ClInclude>
    <ClInclude Include="..\..\lualib\cjson\lua_cjson.h">
      <Filter>ScriptSystem\cjson</Filter>
    </ClInclude>
    <ClInclude Include="..\..\lualib\cjson\strbuf.h">
      <Filter>ScriptSystem\cjson</Filter>
    </ClInclude>
    <ClInclude Include="..\..\lualib\cjson\fpconv.h">
      <Filter>ScriptSystem\cjson</Filter>
    </ClInclude>
    <ClInclude Include="..\..\lualib\ajson\lua_ajson.h">
      <Filter>ScriptSystem\ajson</Filter>
    </ClInclude>
    <ClInclude Include="..\..\Carp\carp_socket_client.hpp">
      <Filter>Carp</Filter>
    </ClInclude>
    <ClInclude Include="..\..\Carp\carp_net_bind.hpp">
      <Filter>Carp</Filter>
    </ClInclude>
    <ClInclude Include="..\..\Carp\carp_surface.h">
      <Filter>Carp</Filter>
    </ClInclude>
    <ClInclude Include="..\..\Carp\carp_matrix_2d.hpp">
      <Filter>Carp</Filter>
    </ClInclude>
    <ClInclude Include="..\..\Carp\carp_system.h">
      <Filter>Carp</Filter>
    </ClInclude>
  </ItemGroup>
  <ItemGroup>
    <ClCompile Include="AudioSystem\AudioSystem.cpp">
      <Filter>AudioSystem</Filter>
    </ClCompile>
    <ClCompile Include="Helper\NetHelper.cpp">
      <Filter>Helper</Filter>
    </ClCompile>
    <ClCompile Include="Helper\SystemHelper.cpp">
      <Filter>Helper</Filter>
    </ClCompile>
    <ClCompile Include="Helper\TextureHelper.cpp">
      <Filter>Helper</Filter>
    </ClCompile>
    <ClCompile Include="Helper\InputHelper.cpp">
      <Filter>Helper</Filter>
    </ClCompile>
    <ClCompile Include="NetSystem\HttpClient.cpp">
      <Filter>NetSystem</Filter>
    </ClCompile>
    <ClCompile Include="NetSystem\HttpFile.cpp">
      <Filter>NetSystem</Filter>
    </ClCompile>
    <ClCompile Include="NetSystem\NetSystem.cpp">
      <Filter>NetSystem</Filter>
    </ClCompile>
    <ClCompile Include="Platform\Android\AndroidSystem.cpp">
      <Filter>Platform\Android</Filter>
    </ClCompile>
    <ClCompile Include="Platform\Windows\WindowsSystem.cpp">
      <Filter>Platform\Windows</Filter>
    </ClCompile>
    <ClCompile Include="RenderSystem\DisplayObject\DisplayView.cpp">
      <Filter>RenderSystem\DisplayObject</Filter>
    </ClCompile>
    <ClCompile Include="RenderSystem\DisplayObject\DisplayObject.cpp">
      <Filter>RenderSystem\DisplayObject</Filter>
    </ClCompile>
    <ClCompile Include="RenderSystem\DisplayObject\DisplayObjects.cpp">
      <Filter>RenderSystem\DisplayObject</Filter>
    </ClCompile>
    <ClCompile Include="RenderSystem\Image\Sprite.cpp">
      <Filter>RenderSystem\Image</Filter>
    </ClCompile>
    <ClCompile Include="RenderSystem\Image\Triangle.cpp">
      <Filter>RenderSystem\Image</Filter>
    </ClCompile>
    <ClCompile Include="RenderSystem\Image\Grid9Image.cpp">
      <Filter>RenderSystem\Image</Filter>
    </ClCompile>
    <ClCompile Include="RenderSystem\Image\Image.cpp">
      <Filter>RenderSystem\Image</Filter>
    </ClCompile>
    <ClCompile Include="RenderSystem\Image\Quad.cpp">
      <Filter>RenderSystem\Image</Filter>
    </ClCompile>
    <ClCompile Include="RenderSystem\Text\Text.cpp">
      <Filter>RenderSystem\Text</Filter>
    </ClCompile>
    <ClCompile Include="RenderSystem\TextArea\TextArea.cpp">
      <Filter>RenderSystem\TextArea</Filter>
    </ClCompile>
    <ClCompile Include="RenderSystem\TextEdit\TextEdit1.cpp">
      <Filter>RenderSystem\TextEdit</Filter>
    </ClCompile>
    <ClCompile Include="RenderSystem\TextEdit\TextEdit2.cpp">
      <Filter>RenderSystem\TextEdit</Filter>
    </ClCompile>
    <ClCompile Include="RenderSystem\TextEdit\TextEdit3.cpp">
      <Filter>RenderSystem\TextEdit</Filter>
    </ClCompile>
    <ClCompile Include="RenderSystem\TextEdit\TextEdit4.cpp">
      <Filter>RenderSystem\TextEdit</Filter>
    </ClCompile>
    <ClCompile Include="RenderSystem\TextEdit\TextEdit.cpp">
      <Filter>RenderSystem\TextEdit</Filter>
    </ClCompile>
    <ClCompile Include="RenderSystem\TextInput\TextInput2.cpp">
      <Filter>RenderSystem\TextInput</Filter>
    </ClCompile>
    <ClCompile Include="RenderSystem\TextInput\TextInput3.cpp">
      <Filter>RenderSystem\TextInput</Filter>
    </ClCompile>
    <ClCompile Include="RenderSystem\TextInput\TextInput4.cpp">
      <Filter>RenderSystem\TextInput</Filter>
    </ClCompile>
    <ClCompile Include="RenderSystem\TextInput\TextInput.cpp">
      <Filter>RenderSystem\TextInput</Filter>
    </ClCompile>
    <ClCompile Include="RenderSystem\TextInput\TextInput1.cpp">
      <Filter>RenderSystem\TextInput</Filter>
    </ClCompile>
    <ClCompile Include="RenderSystem\Texture\TextureCutLoader.cpp">
      <Filter>RenderSystem\Texture</Filter>
    </ClCompile>
    <ClCompile Include="RenderSystem\Texture\TextureLoader.cpp">
      <Filter>RenderSystem\Texture</Filter>
    </ClCompile>
    <ClCompile Include="RenderSystem\Texture\RenderTexture.cpp">
      <Filter>RenderSystem\Texture</Filter>
    </ClCompile>
    <ClCompile Include="RenderSystem\Texture\SurfaceTexture.cpp">
      <Filter>RenderSystem\Texture</Filter>
    </ClCompile>
    <ClCompile Include="RenderSystem\RenderSystem.cpp">
      <Filter>RenderSystem</Filter>
    </ClCompile>
    <ClCompile Include="RenderSystem\DisplaySystem.cpp">
      <Filter>RenderSystem</Filter>
    </ClCompile>
    <ClCompile Include="ScheduleSystem\ScheduleSystem.cpp">
      <Filter>ScheduleSystem</Filter>
    </ClCompile>
    <ClCompile Include="Tool\CsvFile.cpp">
      <Filter>Tool</Filter>
    </ClCompile>
    <ClCompile Include="ScriptSystem\ScriptSystem.cpp">
      <Filter>ScriptSystem</Filter>
    </ClCompile>
    <ClCompile Include="..\..\lualib\sqlite3\sqlite3.c">
      <Filter>ScriptSystem\sqlite3</Filter>
    </ClCompile>
    <ClCompile Include="..\..\lualib\sqlite3\lsqlite3.c">
      <Filter>ScriptSystem\sqlite3</Filter>
    </ClCompile>
    <ClCompile Include="..\..\lualib\cjson\strbuf.c">
      <Filter>ScriptSystem\cjson</Filter>
    </ClCompile>
    <ClCompile Include="..\..\lualib\cjson\fpconv.c">
      <Filter>ScriptSystem\cjson</Filter>
    </ClCompile>
    <ClCompile Include="..\..\lualib\cjson\lua_cjson.c">
      <Filter>ScriptSystem\cjson</Filter>
    </ClCompile>
    <ClCompile Include="..\..\lualib\ajson\lua_ajson.c">
      <Filter>ScriptSystem\ajson</Filter>
    </ClCompile>
  </ItemGroup>
  <ItemGroup>
    <None Include="Platform\iOS\iOSSystem.mm">
      <Filter>Platform\iOS</Filter>
    </None>
    <None Include="Platform\iOS\KeychainItemWrapper.m">
      <Filter>Platform\iOS</Filter>
    </None>
    <None Include="Platform\iOS\Reachability.m">
      <Filter>Platform\iOS</Filter>
    </None>
    <None Include="Platform\iOS\iOSDelegate.mm">
      <Filter>Platform\iOS</Filter>
    </None>
  </ItemGroup>
</Project>