<?xml version="1.0" encoding="utf-8"?>
<Project ToolsVersion="4.0" xmlns="http://schemas.microsoft.com/developer/msbuild/2003">
  <ItemGroup>
    <Filter Include="源文件">
      <UniqueIdentifier>{4FC737F1-C7A5-4376-A066-2A32D752A2FF}</UniqueIdentifier>
      <Extensions>cpp;c;cc;cxx;def;odl;idl;hpj;bat;asm;asmx</Extensions>
    </Filter>
    <Filter Include="源文件\Data">
      <UniqueIdentifier>{8ba5cfa2-cac7-4e79-b176-ec2cb19f8583}</UniqueIdentifier>
    </Filter>
    <Filter Include="源文件\IDE">
      <UniqueIdentifier>{5fe203a1-8725-47c9-bd75-567d1f519df1}</UniqueIdentifier>
    </Filter>
    <Filter Include="源文件\Dialog">
      <UniqueIdentifier>{c672f0ac-f543-442a-97b7-9d96e3a5e246}</UniqueIdentifier>
    </Filter>
    <Filter Include="源文件\IDE\UIEdit">
      <UniqueIdentifier>{a559ad0d-c7ab-43f6-91f7-49243b50e3dd}</UniqueIdentifier>
    </Filter>
    <Filter Include="源文件\IDE\UIEdit\Dialog">
      <UniqueIdentifier>{a2c3b9cd-62c3-40b5-9291-f92665c02c19}</UniqueIdentifier>
    </Filter>
    <Filter Include="源文件\IDE\UIEdit\Setting">
      <UniqueIdentifier>{b8d16970-7c21-4be0-885b-64a482395a5c}</UniqueIdentifier>
    </Filter>
    <Filter Include="源文件\IDE\UIEdit\Tree">
      <UniqueIdentifier>{7a162a32-da58-4d0b-98bd-fb9fea08da0d}</UniqueIdentifier>
    </Filter>
    <Filter Include="源文件\IDE\CodeEdit">
      <UniqueIdentifier>{981c04d6-66d7-40ef-bdab-88e2b06d5544}</UniqueIdentifier>
    </Filter>
    <Filter Include="源文件\IDE\CodeEdit\Tree">
      <UniqueIdentifier>{2263ff86-b77c-4485-b4ca-ce227da09757}</UniqueIdentifier>
    </Filter>
    <Filter Include="源文件\IDE\ControlEdit">
      <UniqueIdentifier>{9f5ac114-1e70-47a6-86ef-82e15fbf7f70}</UniqueIdentifier>
    </Filter>
    <Filter Include="源文件\IDE\ControlEdit\Tree">
      <UniqueIdentifier>{611bf469-6479-43e2-aa02-67ebb5782a93}</UniqueIdentifier>
    </Filter>
    <Filter Include="源文件\IDE\TileEdit">
      <UniqueIdentifier>{83491fdd-116c-4038-bf6f-ddb40ccaf2f2}</UniqueIdentifier>
    </Filter>
  </ItemGroup>
  <ItemGroup>
    <None Include="src\Main.alittle">
      <Filter>源文件</Filter>
    </None>
    <None Include="src\Data\IDEProject.alittle">
      <Filter>源文件\Data</Filter>
    </None>
    <None Include="src\Data\IDEUIManager.alittle">
      <Filter>源文件\Data</Filter>
    </None>
    <None Include="src\Data\IDEEnum.alittle">
      <Filter>源文件\Data</Filter>
    </None>
    <None Include="src\IDE\UIEdit\IDEUIControlTree.alittle">
      <Filter>源文件\IDE\UIEdit</Filter>
    </None>
    <None Include="src\IDE\UIEdit\IDEUIControlAnti.alittle">
      <Filter>源文件\IDE\UIEdit</Filter>
    </None>
    <None Include="src\IDE\UIEdit\IDEUIUtility.alittle">
      <Filter>源文件\IDE\UIEdit</Filter>
    </None>
    <None Include="src\IDE\UIEdit\Dialog\IDEAttrTextDialog.alittle">
      <Filter>源文件\IDE\UIEdit\Dialog</Filter>
    </None>
    <None Include="src\IDE\UIEdit\Dialog\IDEAttrEventDialog.alittle">
      <Filter>源文件\IDE\UIEdit\Dialog</Filter>
    </None>
    <None Include="src\IDE\UIEdit\IDEUIRevocation.alittle">
      <Filter>源文件\IDE\UIEdit</Filter>
    </None>
    <None Include="src\IDE\UIEdit\IDEUITabChild.alittle">
      <Filter>源文件\IDE\UIEdit</Filter>
    </None>
    <None Include="src\IDE\UIEdit\Tree\IDEUITree.alittle">
      <Filter>源文件\IDE\UIEdit\Tree</Filter>
    </None>
    <None Include="src\IDE\UIEdit\Tree\IDEUITreeItem.alittle">
      <Filter>源文件\IDE\UIEdit\Tree</Filter>
    </None>
    <None Include="src\IDE\UIEdit\Tree\IDEUITreeLogic.alittle">
      <Filter>源文件\IDE\UIEdit\Tree</Filter>
    </None>
    <None Include="src\IDE\CodeEdit\Tree\IDECodeTreeItem.alittle">
      <Filter>源文件\IDE\CodeEdit\Tree</Filter>
    </None>
    <None Include="src\IDE\CodeEdit\Tree\IDECodeTreeLogic.alittle">
      <Filter>源文件\IDE\CodeEdit\Tree</Filter>
    </None>
    <None Include="src\IDE\CodeEdit\Tree\IDECodeTree.alittle">
      <Filter>源文件\IDE\CodeEdit\Tree</Filter>
    </None>
    <None Include="src\IDE\UIEdit\Dialog\IDEAttrControlDialog.alittle">
      <Filter>源文件\IDE\UIEdit\Dialog</Filter>
    </None>
    <None Include="src\Dialog\IDEProjectFindFileDialog.alittle">
      <Filter>源文件\Dialog</Filter>
    </None>
    <None Include="src\Dialog\IDEProjectNewDialog.alittle">
      <Filter>源文件\Dialog</Filter>
    </None>
    <None Include="src\Dialog\IDEProjectOpenDialog.alittle">
      <Filter>源文件\Dialog</Filter>
    </None>
    <None Include="src\Dialog\IDEProjectSettingDialog.alittle">
      <Filter>源文件\Dialog</Filter>
    </None>
    <None Include="src\Dialog\IDEVersionList.alittle">
      <Filter>源文件\Dialog</Filter>
    </None>
    <None Include="src\Dialog\IDEExport.alittle">
      <Filter>源文件\Dialog</Filter>
    </None>
    <None Include="src\Dialog\IDEImageSelectDialog.alittle">
      <Filter>源文件\Dialog</Filter>
    </None>
    <None Include="src\Dialog\IDEProjectExportDialog.alittle">
      <Filter>源文件\Dialog</Filter>
    </None>
    <None Include="src\IDE\IDEUIAccount.alittle">
      <Filter>源文件\IDE</Filter>
    </None>
    <None Include="src\IDE\IDEUICenter.alittle">
      <Filter>源文件\IDE</Filter>
    </None>
    <None Include="src\IDE\IDEUIMainMenu.alittle">
      <Filter>源文件\IDE</Filter>
    </None>
    <None Include="src\IDE\IDEUIProjectDropdown.alittle">
      <Filter>源文件\IDE</Filter>
    </None>
    <None Include="src\IDE\IDEUIProjectList.alittle">
      <Filter>源文件\IDE</Filter>
    </None>
    <None Include="src\IDE\IDEUtility.alittle">
      <Filter>源文件\IDE</Filter>
    </None>
    <None Include="src\IDE\IDECenter.alittle">
      <Filter>源文件\IDE</Filter>
    </None>
    <None Include="src\IDE\IDEContentEdit.alittle">
      <Filter>源文件\IDE</Filter>
    </None>
    <None Include="src\IDE\CodeEdit\IDECodeUtility.alittle">
      <Filter>源文件\IDE\CodeEdit</Filter>
    </None>
    <None Include="src\IDE\CodeEdit\IDEUICodeList.alittle">
      <Filter>源文件\IDE\CodeEdit</Filter>
    </None>
    <None Include="src\IDE\CodeEdit\IDECodeTabChild.alittle">
      <Filter>源文件\IDE\CodeEdit</Filter>
    </None>
    <None Include="src\IDE\ControlEdit\IDEUIControlList.alittle">
      <Filter>源文件\IDE\ControlEdit</Filter>
    </None>
    <None Include="src\IDE\ControlEdit\IDEControlUtility.alittle">
      <Filter>源文件\IDE\ControlEdit</Filter>
    </None>
    <None Include="src\IDE\ControlEdit\Tree\IDEControlTreeLogic.alittle">
      <Filter>源文件\IDE\ControlEdit\Tree</Filter>
    </None>
    <None Include="src\IDE\ControlEdit\Tree\IDEControlTree.alittle">
      <Filter>源文件\IDE\ControlEdit\Tree</Filter>
    </None>
    <None Include="src\IDE\ControlEdit\Tree\IDEControlTreeItem.alittle">
      <Filter>源文件\IDE\ControlEdit\Tree</Filter>
    </None>
    <None Include="src\IDE\TileEdit\IDEUITileList.alittle">
      <Filter>源文件\IDE\TileEdit</Filter>
    </None>
    <None Include="src\IDE\TileEdit\IDETileTabChild.alittle">
      <Filter>源文件\IDE\TileEdit</Filter>
    </None>
    <None Include="src\IDE\TileEdit\IDEUITileBrush.alittle">
      <Filter>源文件\IDE\TileEdit</Filter>
    </None>
    <None Include="src\IDE\UIEdit\Setting\Grid9S.alittle">
      <Filter>源文件\IDE\UIEdit\Setting</Filter>
    </None>
    <None Include="src\IDE\UIEdit\Setting\ImageEditS.alittle">
      <Filter>源文件\IDE\UIEdit\Setting</Filter>
    </None>
    <None Include="src\IDE\UIEdit\Setting\ImageInputS.alittle">
      <Filter>源文件\IDE\UIEdit\Setting</Filter>
    </None>
    <None Include="src\IDE\UIEdit\Setting\ImagePlayS.alittle">
      <Filter>源文件\IDE\UIEdit\Setting</Filter>
    </None>
    <None Include="src\IDE\UIEdit\Setting\ImageS.alittle">
      <Filter>源文件\IDE\UIEdit\Setting</Filter>
    </None>
    <None Include="src\IDE\UIEdit\Setting\LinearS.alittle">
      <Filter>源文件\IDE\UIEdit\Setting</Filter>
    </None>
    <None Include="src\IDE\UIEdit\Setting\PiechartS.alittle">
      <Filter>源文件\IDE\UIEdit\Setting</Filter>
    </None>
    <None Include="src\IDE\UIEdit\Setting\QuadS.alittle">
      <Filter>源文件\IDE\UIEdit\Setting</Filter>
    </None>
    <None Include="src\IDE\UIEdit\Setting\RichAreaS.alittle">
      <Filter>源文件\IDE\UIEdit\Setting</Filter>
    </None>
    <None Include="src\IDE\UIEdit\Setting\RichEditS.alittle">
      <Filter>源文件\IDE\UIEdit\Setting</Filter>
    </None>
    <None Include="src\IDE\UIEdit\Setting\RichInputS.alittle">
      <Filter>源文件\IDE\UIEdit\Setting</Filter>
    </None>
    <None Include="src\IDE\UIEdit\Setting\ScrollBarS.alittle">
      <Filter>源文件\IDE\UIEdit\Setting</Filter>
    </None>
    <None Include="src\IDE\UIEdit\Setting\ScrollButtonS.alittle">
      <Filter>源文件\IDE\UIEdit\Setting</Filter>
    </None>
    <None Include="src\IDE\UIEdit\Setting\ScrollListS.alittle">
      <Filter>源文件\IDE\UIEdit\Setting</Filter>
    </None>
    <None Include="src\IDE\UIEdit\Setting\ScrollScreenS.alittle">
      <Filter>源文件\IDE\UIEdit\Setting</Filter>
    </None>
    <None Include="src\IDE\UIEdit\Setting\SliderS.alittle">
      <Filter>源文件\IDE\UIEdit\Setting</Filter>
    </None>
    <None Include="src\IDE\UIEdit\Setting\SpringTextButtonS.alittle">
      <Filter>源文件\IDE\UIEdit\Setting</Filter>
    </None>
    <None Include="src\IDE\UIEdit\Setting\SpritePlayS.alittle">
      <Filter>源文件\IDE\UIEdit\Setting</Filter>
    </None>
    <None Include="src\IDE\UIEdit\Setting\SpriteS.alittle">
      <Filter>源文件\IDE\UIEdit\Setting</Filter>
    </None>
    <None Include="src\IDE\UIEdit\Setting\TabS.alittle">
      <Filter>源文件\IDE\UIEdit\Setting</Filter>
    </None>
    <None Include="src\IDE\UIEdit\Setting\TextAreaS.alittle">
      <Filter>源文件\IDE\UIEdit\Setting</Filter>
    </None>
    <None Include="src\IDE\UIEdit\Setting\TextButtonS.alittle">
      <Filter>源文件\IDE\UIEdit\Setting</Filter>
    </None>
    <None Include="src\IDE\UIEdit\Setting\TextCheckButtonS.alittle">
      <Filter>源文件\IDE\UIEdit\Setting</Filter>
    </None>
    <None Include="src\IDE\UIEdit\Setting\TextEditS.alittle">
      <Filter>源文件\IDE\UIEdit\Setting</Filter>
    </None>
    <None Include="src\IDE\UIEdit\Setting\TextInputS.alittle">
      <Filter>源文件\IDE\UIEdit\Setting</Filter>
    </None>
    <None Include="src\IDE\UIEdit\Setting\TextRadioButtonS.alittle">
      <Filter>源文件\IDE\UIEdit\Setting</Filter>
    </None>
    <None Include="src\IDE\UIEdit\Setting\TextS.alittle">
      <Filter>源文件\IDE\UIEdit\Setting</Filter>
    </None>
    <None Include="src\IDE\UIEdit\Setting\TileTableS.alittle">
      <Filter>源文件\IDE\UIEdit\Setting</Filter>
    </None>
    <None Include="src\IDE\UIEdit\Setting\TriangleS.alittle">
      <Filter>源文件\IDE\UIEdit\Setting</Filter>
    </None>
    <None Include="src\IDE\UIEdit\Setting\DialogS.alittle">
      <Filter>源文件\IDE\UIEdit\Setting</Filter>
    </None>
    <None Include="src\IDE\UIEdit\Setting\DisplayLayoutS.alittle">
      <Filter>源文件\IDE\UIEdit\Setting</Filter>
    </None>
    <None Include="src\IDE\UIEdit\Setting\DisplayObjectS.alittle">
      <Filter>源文件\IDE\UIEdit\Setting</Filter>
    </None>
    <None Include="src\IDE\UIEdit\Setting\DisplayViewS.alittle">
      <Filter>源文件\IDE\UIEdit\Setting</Filter>
    </None>
    <None Include="src\IDE\UIEdit\Setting\DropDownS.alittle">
      <Filter>源文件\IDE\UIEdit\Setting</Filter>
    </None>
    <None Include="src\IDE\UIEdit\Setting\FramePlayS.alittle">
      <Filter>源文件\IDE\UIEdit\Setting</Filter>
    </None>
    <None Include="src\IDE\UIEdit\Setting\Grid3S.alittle">
      <Filter>源文件\IDE\UIEdit\Setting</Filter>
    </None>
    <None Include="src\IDE\UIEdit\Setting\Grid9ImageS.alittle">
      <Filter>源文件\IDE\UIEdit\Setting</Filter>
    </None>
  </ItemGroup>
</Project>